// !$*UTF8*$!
{
	archiveVersion = 1;
	classes = {
	};
	objectVersion = 56;
	objects = {

/* Begin PBXBuildFile section */
		3E39B50B2DA1DDD5000B6D35 /* ImageLoaderUseCase.swift in Sources */ = {isa = PBXBuildFile; fileRef = 3E39B50A2DA1DDD5000B6D35 /* ImageLoaderUseCase.swift */; };
		3E39B50D2DA1E6D3000B6D35 /* MostRatedFilmViewModel.swift in Sources */ = {isa = PBXBuildFile; fileRef = 3E39B50C2DA1E6D3000B6D35 /* MostRatedFilmViewModel.swift */; };
		3E39B5122DA35562000B6D35 /* PosterFilmCell.swift in Sources */ = {isa = PBXBuildFile; fileRef = 3E39B5112DA35562000B6D35 /* PosterFilmCell.swift */; };
		3E39B51B2DA4489D000B6D35 /* ViewCodable.swift in Sources */ = {isa = PBXBuildFile; fileRef = 3E39B51A2DA4489D000B6D35 /* ViewCodable.swift */; };
		3E39B51D2DA44CB6000B6D35 /* ReusableCell.swift in Sources */ = {isa = PBXBuildFile; fileRef = 3E39B51C2DA44CB6000B6D35 /* ReusableCell.swift */; };
		3E39B5252DA46532000B6D35 /* ImageCacheService.swift in Sources */ = {isa = PBXBuildFile; fileRef = 3E39B5242DA46532000B6D35 /* ImageCacheService.swift */; };
		3E39B5272DA46715000B6D35 /* FilmsViewControllerFactory.swift in Sources */ = {isa = PBXBuildFile; fileRef = 3E39B5262DA46715000B6D35 /* FilmsViewControllerFactory.swift */; };
		3E39B5292DA4776F000B6D35 /* WarningView.swift in Sources */ = {isa = PBXBuildFile; fileRef = 3E39B5282DA4776F000B6D35 /* WarningView.swift */; };
		3E39B52B2DA48AA3000B6D35 /* PosterFilmViewModel.swift in Sources */ = {isa = PBXBuildFile; fileRef = 3E39B52A2DA48AA3000B6D35 /* PosterFilmViewModel.swift */; };
		3E39B52F2DA4924B000B6D35 /* FilmsViewControllerState.swift in Sources */ = {isa = PBXBuildFile; fileRef = 3E39B52E2DA4924B000B6D35 /* FilmsViewControllerState.swift */; };
		3E39B5332DA4BB82000B6D35 /* FilmsContentView.swift in Sources */ = {isa = PBXBuildFile; fileRef = 3E39B5322DA4BB82000B6D35 /* FilmsContentView.swift */; };
		3E39B5352DA4C335000B6D35 /* FilmsDataSourceFactory.swift in Sources */ = {isa = PBXBuildFile; fileRef = 3E39B5342DA4C335000B6D35 /* FilmsDataSourceFactory.swift */; };
		3E39B5372DA4CD37000B6D35 /* SearchBarAdapter.swift in Sources */ = {isa = PBXBuildFile; fileRef = 3E39B5362DA4CD37000B6D35 /* SearchBarAdapter.swift */; };
		3E39B5392DA4CED3000B6D35 /* UICollectionView+ItemSize.swift in Sources */ = {isa = PBXBuildFile; fileRef = 3E39B5382DA4CED2000B6D35 /* UICollectionView+ItemSize.swift */; };
		3E39B53B2DA4D012000B6D35 /* UIView+AutoLayout.swift in Sources */ = {isa = PBXBuildFile; fileRef = 3E39B53A2DA4D012000B6D35 /* UIView+AutoLayout.swift */; };
		3E39B5402DA4D768000B6D35 /* FilmDetailsViewController.swift in Sources */ = {isa = PBXBuildFile; fileRef = 3E39B53F2DA4D768000B6D35 /* FilmDetailsViewController.swift */; };
		3E39B5422DA4D858000B6D35 /* FilmDetailsContentView.swift in Sources */ = {isa = PBXBuildFile; fileRef = 3E39B5412DA4D858000B6D35 /* FilmDetailsContentView.swift */; };
		3E39B5442DA4D9D0000B6D35 /* FilmDetailsViewModel.swift in Sources */ = {isa = PBXBuildFile; fileRef = 3E39B5432DA4D9CF000B6D35 /* FilmDetailsViewModel.swift */; };
		3E39B5462DA4DA01000B6D35 /* FilmDetailsUseCase.swift in Sources */ = {isa = PBXBuildFile; fileRef = 3E39B5452DA4DA01000B6D35 /* FilmDetailsUseCase.swift */; };
		3E39B5482DA4DD7C000B6D35 /* FilmDetailsViewControllerState.swift in Sources */ = {isa = PBXBuildFile; fileRef = 3E39B5472DA4DD7C000B6D35 /* FilmDetailsViewControllerState.swift */; };
		3E39B54C2DA4DE07000B6D35 /* FilmDetailsContentViewModel.swift in Sources */ = {isa = PBXBuildFile; fileRef = 3E39B54B2DA4DE07000B6D35 /* FilmDetailsContentViewModel.swift */; };
		3E39B54E2DA4DE32000B6D35 /* String+FormattedTime.swift in Sources */ = {isa = PBXBuildFile; fileRef = 3E39B54D2DA4DE32000B6D35 /* String+FormattedTime.swift */; };
		3E39B5512DA4E117000B6D35 /* FilmsRouter.swift in Sources */ = {isa = PBXBuildFile; fileRef = 3E39B5502DA4E117000B6D35 /* FilmsRouter.swift */; };
		3E39B5532DA57018000B6D35 /* FilmDetailsViewControllerFactory.swift in Sources */ = {isa = PBXBuildFile; fileRef = 3E39B5522DA57018000B6D35 /* FilmDetailsViewControllerFactory.swift */; };
		3E39B55B2DA59488000B6D35 /* UIView+CardStyle.swift in Sources */ = {isa = PBXBuildFile; fileRef = 3E39B55A2DA59488000B6D35 /* UIView+CardStyle.swift */; };
		3E39B5602DA5B2D9000B6D35 /* FilmUserDefaults.swift in Sources */ = {isa = PBXBuildFile; fileRef = 3E39B55F2DA5B2D9000B6D35 /* FilmUserDefaults.swift */; };
		3E39B5622DA5B37E000B6D35 /* FavoritesFilmUseCase.swift in Sources */ = {isa = PBXBuildFile; fileRef = 3E39B5612DA5B37E000B6D35 /* FavoritesFilmUseCase.swift */; };
		3E39B5652DA5BDC7000B6D35 /* FavoritesViewController.swift in Sources */ = {isa = PBXBuildFile; fileRef = 3E39B5642DA5BDC7000B6D35 /* FavoritesViewController.swift */; };
		3E39B5672DA5BEC1000B6D35 /* FavoritesViewModel.swift in Sources */ = {isa = PBXBuildFile; fileRef = 3E39B5662DA5BEC1000B6D35 /* FavoritesViewModel.swift */; };
		3E39B5692DA5C2B7000B6D35 /* FavoritesViewControllerState.swift in Sources */ = {isa = PBXBuildFile; fileRef = 3E39B5682DA5C2B7000B6D35 /* FavoritesViewControllerState.swift */; };
		3E39B56B2DA5C451000B6D35 /* FavoritesViewControllerFactory.swift in Sources */ = {isa = PBXBuildFile; fileRef = 3E39B56A2DA5C451000B6D35 /* FavoritesViewControllerFactory.swift */; };
		3E39B56D2DA5CE7B000B6D35 /* StatefulViewController.swift in Sources */ = {isa = PBXBuildFile; fileRef = 3E39B56C2DA5CE7B000B6D35 /* StatefulViewController.swift */; };
		3E39B56F2DA5E468000B6D35 /* FavoritesRouter.swift in Sources */ = {isa = PBXBuildFile; fileRef = 3E39B56E2DA5E468000B6D35 /* FavoritesRouter.swift */; };
		3E39B5742DA5EABF000B6D35 /* OnboardingView.swift in Sources */ = {isa = PBXBuildFile; fileRef = 3E39B5732DA5EABF000B6D35 /* OnboardingView.swift */; };
		3E39B5762DA5EC52000B6D35 /* OnboardingViewModel.swift in Sources */ = {isa = PBXBuildFile; fileRef = 3E39B5752DA5EC51000B6D35 /* OnboardingViewModel.swift */; };
		3E39B5792DA5ECD2000B6D35 /* OnboardingHostingController.swift in Sources */ = {isa = PBXBuildFile; fileRef = 3E39B5782DA5ECD2000B6D35 /* OnboardingHostingController.swift */; };
		3E39B57B2DA5EDAD000B6D35 /* OnboardingUserDefaults.swift in Sources */ = {isa = PBXBuildFile; fileRef = 3E39B57A2DA5EDAD000B6D35 /* OnboardingUserDefaults.swift */; };
		3E39B57D2DA5EF4A000B6D35 /* OnboardingViewControllerFactory.swift in Sources */ = {isa = PBXBuildFile; fileRef = 3E39B57C2DA5EF4A000B6D35 /* OnboardingViewControllerFactory.swift */; };
		3E39B57F2DA5F09D000B6D35 /* OnboardingRouter.swift in Sources */ = {isa = PBXBuildFile; fileRef = 3E39B57E2DA5F09D000B6D35 /* OnboardingRouter.swift */; };
		3E39B58F2DA61213000B6D35 /* MockNetworkService.swift in Sources */ = {isa = PBXBuildFile; fileRef = 3E39B58E2DA61213000B6D35 /* MockNetworkService.swift */; };
		3E39B5912DA6154A000B6D35 /* FilmsNetworkServiceTests.swift in Sources */ = {isa = PBXBuildFile; fileRef = 3E39B5902DA6154A000B6D35 /* FilmsNetworkServiceTests.swift */; };
		3E39B5932DA617B1000B6D35 /* Film+Fixture.swift in Sources */ = {isa = PBXBuildFile; fileRef = 3E39B5922DA617B1000B6D35 /* Film+Fixture.swift */; };
		3E39B5962DA623E8000B6D35 /* ImageLoaderUseCaseTestes.swift in Sources */ = {isa = PBXBuildFile; fileRef = 3E39B5952DA623E8000B6D35 /* ImageLoaderUseCaseTestes.swift */; };
		3E39B5982DA62400000B6D35 /* MockImageCacheService.swift in Sources */ = {isa = PBXBuildFile; fileRef = 3E39B5972DA62400000B6D35 /* MockImageCacheService.swift */; };
		3E39B59E2DA69DAB000B6D35 /* MockFilmsUseCase.swift in Sources */ = {isa = PBXBuildFile; fileRef = 3E39B59D2DA69DAB000B6D35 /* MockFilmsUseCase.swift */; };
		3E39B5A02DA69DCD000B6D35 /* SpyImageLoaderUseCase.swift in Sources */ = {isa = PBXBuildFile; fileRef = 3E39B59F2DA69DCD000B6D35 /* SpyImageLoaderUseCase.swift */; };
		3E39B5A22DA69DFA000B6D35 /* FilmsViewModelTests.swift in Sources */ = {isa = PBXBuildFile; fileRef = 3E39B5A12DA69DFA000B6D35 /* FilmsViewModelTests.swift */; };
		3E39B5A42DA6A43D000B6D35 /* FilmDetailsViewModelTests.swift in Sources */ = {isa = PBXBuildFile; fileRef = 3E39B5A32DA6A43D000B6D35 /* FilmDetailsViewModelTests.swift */; };
		3E39B5A62DA6A4CD000B6D35 /* MockFilmDetailsUseCase.swift in Sources */ = {isa = PBXBuildFile; fileRef = 3E39B5A52DA6A4CD000B6D35 /* MockFilmDetailsUseCase.swift */; };
		3E39B5A82DA6A4FC000B6D35 /* SpyFavoritesUseCase.swift in Sources */ = {isa = PBXBuildFile; fileRef = 3E39B5A72DA6A4FC000B6D35 /* SpyFavoritesUseCase.swift */; };
		3E39B5AB2DA6A900000B6D35 /* MockFavoritesUseCase.swift in Sources */ = {isa = PBXBuildFile; fileRef = 3E39B5AA2DA6A900000B6D35 /* MockFavoritesUseCase.swift */; };
		3E39B5AD2DA6A98B000B6D35 /* FavoritesViewModelTests.swift in Sources */ = {isa = PBXBuildFile; fileRef = 3E39B5AC2DA6A98B000B6D35 /* FavoritesViewModelTests.swift */; };
		3E39B5AF2DA6AB10000B6D35 /* SpyOnboardingUserDefaults.swift in Sources */ = {isa = PBXBuildFile; fileRef = 3E39B5AE2DA6AB10000B6D35 /* SpyOnboardingUserDefaults.swift */; };
		3E39B5B12DA6AB8C000B6D35 /* OnboardingViewModelTests.swift in Sources */ = {isa = PBXBuildFile; fileRef = 3E39B5B02DA6AB8C000B6D35 /* OnboardingViewModelTests.swift */; };
		3E39B5B72DA6CA7B000B6D35 /* NetworkError+Equatable.swift in Sources */ = {isa = PBXBuildFile; fileRef = 3E39B5B62DA6CA7B000B6D35 /* NetworkError+Equatable.swift */; };
		3E39B5BB2DA6CD24000B6D35 /* Strings.swift in Sources */ = {isa = PBXBuildFile; fileRef = 3E39B5BA2DA6CD23000B6D35 /* Strings.swift */; };
		3E39B5BC2DA6D08D000B6D35 /* Localizable.strings in Resources */ = {isa = PBXBuildFile; fileRef = 3E39B5BE2DA6D08D000B6D35 /* Localizable.strings */; };
		3E44B6822D9F1F6700527213 /* AppDelegate.swift in Sources */ = {isa = PBXBuildFile; fileRef = 3E44B6812D9F1F6700527213 /* AppDelegate.swift */; };
		3E44B6842D9F1F6700527213 /* SceneDelegate.swift in Sources */ = {isa = PBXBuildFile; fileRef = 3E44B6832D9F1F6700527213 /* SceneDelegate.swift */; };
		3E44B6862D9F1F6700527213 /* FilmsViewController.swift in Sources */ = {isa = PBXBuildFile; fileRef = 3E44B6852D9F1F6700527213 /* FilmsViewController.swift */; };
		3E44B68B2D9F1F6A00527213 /* Assets.xcassets in Resources */ = {isa = PBXBuildFile; fileRef = 3E44B68A2D9F1F6A00527213 /* Assets.xcassets */; };
		3E44B69D2D9F346200527213 /* Film.swift in Sources */ = {isa = PBXBuildFile; fileRef = 3E44B69C2D9F346200527213 /* Film.swift */; };
		3E44B6A12D9F36D600527213 /* NetworkServiceProtocol.swift in Sources */ = {isa = PBXBuildFile; fileRef = 3E44B6A02D9F36D600527213 /* NetworkServiceProtocol.swift */; };
		3E44B6A32D9F372400527213 /* Endpoint.swift in Sources */ = {isa = PBXBuildFile; fileRef = 3E44B6A22D9F372400527213 /* Endpoint.swift */; };
		3E44B6A72D9F433C00527213 /* NetworkError.swift in Sources */ = {isa = PBXBuildFile; fileRef = 3E44B6A62D9F433C00527213 /* NetworkError.swift */; };
		3E44B6B72DA03AAA00527213 /* FilmsViewModel.swift in Sources */ = {isa = PBXBuildFile; fileRef = 3E44B6B62DA03AAA00527213 /* FilmsViewModel.swift */; };
		3E44B6BB2DA0508100527213 /* FilmsUseCase.swift in Sources */ = {isa = PBXBuildFile; fileRef = 3E44B6BA2DA0508100527213 /* FilmsUseCase.swift */; };
		3E44B6BE2DA0530800527213 /* FilmsNetworkService.swift in Sources */ = {isa = PBXBuildFile; fileRef = 3E44B6BD2DA0530800527213 /* FilmsNetworkService.swift */; };
		3E44B6C32DA0606100527213 /* MostRatedFilmCell.swift in Sources */ = {isa = PBXBuildFile; fileRef = 3E44B6C22DA0606100527213 /* MostRatedFilmCell.swift */; };
/* End PBXBuildFile section */

/* Begin PBXContainerItemProxy section */
		3E39B5882DA61139000B6D35 /* PBXContainerItemProxy */ = {
			isa = PBXContainerItemProxy;
			containerPortal = 3E44B6762D9F1F6700527213 /* Project object */;
			proxyType = 1;
			remoteGlobalIDString = 3E44B67D2D9F1F6700527213;
			remoteInfo = GhibliArchive;
		};
/* End PBXContainerItemProxy section */

/* Begin PBXFileReference section */
		3E39B50A2DA1DDD5000B6D35 /* ImageLoaderUseCase.swift */ = {isa = PBXFileReference; lastKnownFileType = sourcecode.swift; path = ImageLoaderUseCase.swift; sourceTree = "<group>"; };
		3E39B50C2DA1E6D3000B6D35 /* MostRatedFilmViewModel.swift */ = {isa = PBXFileReference; lastKnownFileType = sourcecode.swift; path = MostRatedFilmViewModel.swift; sourceTree = "<group>"; };
		3E39B5112DA35562000B6D35 /* PosterFilmCell.swift */ = {isa = PBXFileReference; lastKnownFileType = sourcecode.swift; path = PosterFilmCell.swift; sourceTree = "<group>"; };
		3E39B51A2DA4489D000B6D35 /* ViewCodable.swift */ = {isa = PBXFileReference; lastKnownFileType = sourcecode.swift; path = ViewCodable.swift; sourceTree = "<group>"; };
		3E39B51C2DA44CB6000B6D35 /* ReusableCell.swift */ = {isa = PBXFileReference; lastKnownFileType = sourcecode.swift; path = ReusableCell.swift; sourceTree = "<group>"; };
		3E39B5242DA46532000B6D35 /* ImageCacheService.swift */ = {isa = PBXFileReference; lastKnownFileType = sourcecode.swift; path = ImageCacheService.swift; sourceTree = "<group>"; };
		3E39B5262DA46715000B6D35 /* FilmsViewControllerFactory.swift */ = {isa = PBXFileReference; lastKnownFileType = sourcecode.swift; path = FilmsViewControllerFactory.swift; sourceTree = "<group>"; };
		3E39B5282DA4776F000B6D35 /* WarningView.swift */ = {isa = PBXFileReference; lastKnownFileType = sourcecode.swift; path = WarningView.swift; sourceTree = "<group>"; };
		3E39B52A2DA48AA3000B6D35 /* PosterFilmViewModel.swift */ = {isa = PBXFileReference; lastKnownFileType = sourcecode.swift; path = PosterFilmViewModel.swift; sourceTree = "<group>"; };
		3E39B52E2DA4924B000B6D35 /* FilmsViewControllerState.swift */ = {isa = PBXFileReference; lastKnownFileType = sourcecode.swift; path = FilmsViewControllerState.swift; sourceTree = "<group>"; };
		3E39B5322DA4BB82000B6D35 /* FilmsContentView.swift */ = {isa = PBXFileReference; lastKnownFileType = sourcecode.swift; path = FilmsContentView.swift; sourceTree = "<group>"; };
		3E39B5342DA4C335000B6D35 /* FilmsDataSourceFactory.swift */ = {isa = PBXFileReference; lastKnownFileType = sourcecode.swift; path = FilmsDataSourceFactory.swift; sourceTree = "<group>"; };
		3E39B5362DA4CD37000B6D35 /* SearchBarAdapter.swift */ = {isa = PBXFileReference; lastKnownFileType = sourcecode.swift; path = SearchBarAdapter.swift; sourceTree = "<group>"; };
		3E39B5382DA4CED2000B6D35 /* UICollectionView+ItemSize.swift */ = {isa = PBXFileReference; lastKnownFileType = sourcecode.swift; path = "UICollectionView+ItemSize.swift"; sourceTree = "<group>"; };
		3E39B53A2DA4D012000B6D35 /* UIView+AutoLayout.swift */ = {isa = PBXFileReference; lastKnownFileType = sourcecode.swift; path = "UIView+AutoLayout.swift"; sourceTree = "<group>"; };
		3E39B53F2DA4D768000B6D35 /* FilmDetailsViewController.swift */ = {isa = PBXFileReference; lastKnownFileType = sourcecode.swift; path = FilmDetailsViewController.swift; sourceTree = "<group>"; };
		3E39B5412DA4D858000B6D35 /* FilmDetailsContentView.swift */ = {isa = PBXFileReference; lastKnownFileType = sourcecode.swift; path = FilmDetailsContentView.swift; sourceTree = "<group>"; };
		3E39B5432DA4D9CF000B6D35 /* FilmDetailsViewModel.swift */ = {isa = PBXFileReference; lastKnownFileType = sourcecode.swift; path = FilmDetailsViewModel.swift; sourceTree = "<group>"; };
		3E39B5452DA4DA01000B6D35 /* FilmDetailsUseCase.swift */ = {isa = PBXFileReference; lastKnownFileType = sourcecode.swift; path = FilmDetailsUseCase.swift; sourceTree = "<group>"; };
		3E39B5472DA4DD7C000B6D35 /* FilmDetailsViewControllerState.swift */ = {isa = PBXFileReference; lastKnownFileType = sourcecode.swift; path = FilmDetailsViewControllerState.swift; sourceTree = "<group>"; };
		3E39B54B2DA4DE07000B6D35 /* FilmDetailsContentViewModel.swift */ = {isa = PBXFileReference; lastKnownFileType = sourcecode.swift; path = FilmDetailsContentViewModel.swift; sourceTree = "<group>"; };
		3E39B54D2DA4DE32000B6D35 /* String+FormattedTime.swift */ = {isa = PBXFileReference; lastKnownFileType = sourcecode.swift; path = "String+FormattedTime.swift"; sourceTree = "<group>"; };
		3E39B5502DA4E117000B6D35 /* FilmsRouter.swift */ = {isa = PBXFileReference; lastKnownFileType = sourcecode.swift; path = FilmsRouter.swift; sourceTree = "<group>"; };
		3E39B5522DA57018000B6D35 /* FilmDetailsViewControllerFactory.swift */ = {isa = PBXFileReference; lastKnownFileType = sourcecode.swift; path = FilmDetailsViewControllerFactory.swift; sourceTree = "<group>"; };
		3E39B55A2DA59488000B6D35 /* UIView+CardStyle.swift */ = {isa = PBXFileReference; lastKnownFileType = sourcecode.swift; path = "UIView+CardStyle.swift"; sourceTree = "<group>"; };
		3E39B55F2DA5B2D9000B6D35 /* FilmUserDefaults.swift */ = {isa = PBXFileReference; lastKnownFileType = sourcecode.swift; path = FilmUserDefaults.swift; sourceTree = "<group>"; };
		3E39B5612DA5B37E000B6D35 /* FavoritesFilmUseCase.swift */ = {isa = PBXFileReference; lastKnownFileType = sourcecode.swift; path = FavoritesFilmUseCase.swift; sourceTree = "<group>"; };
		3E39B5642DA5BDC7000B6D35 /* FavoritesViewController.swift */ = {isa = PBXFileReference; lastKnownFileType = sourcecode.swift; path = FavoritesViewController.swift; sourceTree = "<group>"; };
		3E39B5662DA5BEC1000B6D35 /* FavoritesViewModel.swift */ = {isa = PBXFileReference; lastKnownFileType = sourcecode.swift; path = FavoritesViewModel.swift; sourceTree = "<group>"; };
		3E39B5682DA5C2B7000B6D35 /* FavoritesViewControllerState.swift */ = {isa = PBXFileReference; lastKnownFileType = sourcecode.swift; path = FavoritesViewControllerState.swift; sourceTree = "<group>"; };
		3E39B56A2DA5C451000B6D35 /* FavoritesViewControllerFactory.swift */ = {isa = PBXFileReference; lastKnownFileType = sourcecode.swift; path = FavoritesViewControllerFactory.swift; sourceTree = "<group>"; };
		3E39B56C2DA5CE7B000B6D35 /* StatefulViewController.swift */ = {isa = PBXFileReference; lastKnownFileType = sourcecode.swift; path = StatefulViewController.swift; sourceTree = "<group>"; };
		3E39B56E2DA5E468000B6D35 /* FavoritesRouter.swift */ = {isa = PBXFileReference; lastKnownFileType = sourcecode.swift; path = FavoritesRouter.swift; sourceTree = "<group>"; };
		3E39B5732DA5EABF000B6D35 /* OnboardingView.swift */ = {isa = PBXFileReference; lastKnownFileType = sourcecode.swift; path = OnboardingView.swift; sourceTree = "<group>"; };
		3E39B5752DA5EC51000B6D35 /* OnboardingViewModel.swift */ = {isa = PBXFileReference; lastKnownFileType = sourcecode.swift; path = OnboardingViewModel.swift; sourceTree = "<group>"; };
		3E39B5782DA5ECD2000B6D35 /* OnboardingHostingController.swift */ = {isa = PBXFileReference; lastKnownFileType = sourcecode.swift; path = OnboardingHostingController.swift; sourceTree = "<group>"; };
		3E39B57A2DA5EDAD000B6D35 /* OnboardingUserDefaults.swift */ = {isa = PBXFileReference; lastKnownFileType = sourcecode.swift; path = OnboardingUserDefaults.swift; sourceTree = "<group>"; };
		3E39B57C2DA5EF4A000B6D35 /* OnboardingViewControllerFactory.swift */ = {isa = PBXFileReference; lastKnownFileType = sourcecode.swift; path = OnboardingViewControllerFactory.swift; sourceTree = "<group>"; };
		3E39B57E2DA5F09D000B6D35 /* OnboardingRouter.swift */ = {isa = PBXFileReference; lastKnownFileType = sourcecode.swift; path = OnboardingRouter.swift; sourceTree = "<group>"; };
		3E39B5842DA61139000B6D35 /* GhibliArchiveTests.xctest */ = {isa = PBXFileReference; explicitFileType = wrapper.cfbundle; includeInIndex = 0; path = GhibliArchiveTests.xctest; sourceTree = BUILT_PRODUCTS_DIR; };
		3E39B58E2DA61213000B6D35 /* MockNetworkService.swift */ = {isa = PBXFileReference; lastKnownFileType = sourcecode.swift; path = MockNetworkService.swift; sourceTree = "<group>"; };
		3E39B5902DA6154A000B6D35 /* FilmsNetworkServiceTests.swift */ = {isa = PBXFileReference; lastKnownFileType = sourcecode.swift; path = FilmsNetworkServiceTests.swift; sourceTree = "<group>"; };
		3E39B5922DA617B1000B6D35 /* Film+Fixture.swift */ = {isa = PBXFileReference; lastKnownFileType = sourcecode.swift; path = "Film+Fixture.swift"; sourceTree = "<group>"; };
		3E39B5952DA623E8000B6D35 /* ImageLoaderUseCaseTestes.swift */ = {isa = PBXFileReference; lastKnownFileType = sourcecode.swift; path = ImageLoaderUseCaseTestes.swift; sourceTree = "<group>"; };
		3E39B5972DA62400000B6D35 /* MockImageCacheService.swift */ = {isa = PBXFileReference; lastKnownFileType = sourcecode.swift; path = MockImageCacheService.swift; sourceTree = "<group>"; };
		3E39B59D2DA69DAB000B6D35 /* MockFilmsUseCase.swift */ = {isa = PBXFileReference; lastKnownFileType = sourcecode.swift; path = MockFilmsUseCase.swift; sourceTree = "<group>"; };
		3E39B59F2DA69DCD000B6D35 /* SpyImageLoaderUseCase.swift */ = {isa = PBXFileReference; lastKnownFileType = sourcecode.swift; path = SpyImageLoaderUseCase.swift; sourceTree = "<group>"; };
		3E39B5A12DA69DFA000B6D35 /* FilmsViewModelTests.swift */ = {isa = PBXFileReference; lastKnownFileType = sourcecode.swift; path = FilmsViewModelTests.swift; sourceTree = "<group>"; };
		3E39B5A32DA6A43D000B6D35 /* FilmDetailsViewModelTests.swift */ = {isa = PBXFileReference; lastKnownFileType = sourcecode.swift; path = FilmDetailsViewModelTests.swift; sourceTree = "<group>"; };
		3E39B5A52DA6A4CD000B6D35 /* MockFilmDetailsUseCase.swift */ = {isa = PBXFileReference; lastKnownFileType = sourcecode.swift; path = MockFilmDetailsUseCase.swift; sourceTree = "<group>"; };
		3E39B5A72DA6A4FC000B6D35 /* SpyFavoritesUseCase.swift */ = {isa = PBXFileReference; lastKnownFileType = sourcecode.swift; path = SpyFavoritesUseCase.swift; sourceTree = "<group>"; };
		3E39B5AA2DA6A900000B6D35 /* MockFavoritesUseCase.swift */ = {isa = PBXFileReference; lastKnownFileType = sourcecode.swift; path = MockFavoritesUseCase.swift; sourceTree = "<group>"; };
		3E39B5AC2DA6A98B000B6D35 /* FavoritesViewModelTests.swift */ = {isa = PBXFileReference; lastKnownFileType = sourcecode.swift; path = FavoritesViewModelTests.swift; sourceTree = "<group>"; };
		3E39B5AE2DA6AB10000B6D35 /* SpyOnboardingUserDefaults.swift */ = {isa = PBXFileReference; lastKnownFileType = sourcecode.swift; path = SpyOnboardingUserDefaults.swift; sourceTree = "<group>"; };
		3E39B5B02DA6AB8C000B6D35 /* OnboardingViewModelTests.swift */ = {isa = PBXFileReference; lastKnownFileType = sourcecode.swift; path = OnboardingViewModelTests.swift; sourceTree = "<group>"; };
		3E39B5B62DA6CA7B000B6D35 /* NetworkError+Equatable.swift */ = {isa = PBXFileReference; lastKnownFileType = sourcecode.swift; path = "NetworkError+Equatable.swift"; sourceTree = "<group>"; };
		3E39B5BA2DA6CD23000B6D35 /* Strings.swift */ = {isa = PBXFileReference; lastKnownFileType = sourcecode.swift; path = Strings.swift; sourceTree = "<group>"; };
		3E39B5BD2DA6D08D000B6D35 /* en */ = {isa = PBXFileReference; lastKnownFileType = text.plist.strings; name = en; path = en.lproj/Localizable.strings; sourceTree = "<group>"; };
		3E44B67E2D9F1F6700527213 /* GhibliArchive.app */ = {isa = PBXFileReference; explicitFileType = wrapper.application; includeInIndex = 0; path = GhibliArchive.app; sourceTree = BUILT_PRODUCTS_DIR; };
		3E44B6812D9F1F6700527213 /* AppDelegate.swift */ = {isa = PBXFileReference; lastKnownFileType = sourcecode.swift; path = AppDelegate.swift; sourceTree = "<group>"; };
		3E44B6832D9F1F6700527213 /* SceneDelegate.swift */ = {isa = PBXFileReference; lastKnownFileType = sourcecode.swift; path = SceneDelegate.swift; sourceTree = "<group>"; };
		3E44B6852D9F1F6700527213 /* FilmsViewController.swift */ = {isa = PBXFileReference; lastKnownFileType = sourcecode.swift; path = FilmsViewController.swift; sourceTree = "<group>"; };
		3E44B68A2D9F1F6A00527213 /* Assets.xcassets */ = {isa = PBXFileReference; lastKnownFileType = folder.assetcatalog; path = Assets.xcassets; sourceTree = "<group>"; };
		3E44B68F2D9F1F6A00527213 /* Info.plist */ = {isa = PBXFileReference; lastKnownFileType = text.plist.xml; path = Info.plist; sourceTree = "<group>"; };
		3E44B69C2D9F346200527213 /* Film.swift */ = {isa = PBXFileReference; lastKnownFileType = sourcecode.swift; path = Film.swift; sourceTree = "<group>"; };
		3E44B6A02D9F36D600527213 /* NetworkServiceProtocol.swift */ = {isa = PBXFileReference; lastKnownFileType = sourcecode.swift; path = NetworkServiceProtocol.swift; sourceTree = "<group>"; };
		3E44B6A22D9F372400527213 /* Endpoint.swift */ = {isa = PBXFileReference; lastKnownFileType = sourcecode.swift; path = Endpoint.swift; sourceTree = "<group>"; };
		3E44B6A62D9F433C00527213 /* NetworkError.swift */ = {isa = PBXFileReference; lastKnownFileType = sourcecode.swift; path = NetworkError.swift; sourceTree = "<group>"; };
		3E44B6B62DA03AAA00527213 /* FilmsViewModel.swift */ = {isa = PBXFileReference; lastKnownFileType = sourcecode.swift; path = FilmsViewModel.swift; sourceTree = "<group>"; };
		3E44B6BA2DA0508100527213 /* FilmsUseCase.swift */ = {isa = PBXFileReference; lastKnownFileType = sourcecode.swift; path = FilmsUseCase.swift; sourceTree = "<group>"; };
		3E44B6BD2DA0530800527213 /* FilmsNetworkService.swift */ = {isa = PBXFileReference; lastKnownFileType = sourcecode.swift; path = FilmsNetworkService.swift; sourceTree = "<group>"; };
		3E44B6C22DA0606100527213 /* MostRatedFilmCell.swift */ = {isa = PBXFileReference; lastKnownFileType = sourcecode.swift; path = MostRatedFilmCell.swift; sourceTree = "<group>"; };
/* End PBXFileReference section */

/* Begin PBXFrameworksBuildPhase section */
		3E39B5812DA61139000B6D35 /* Frameworks */ = {
			isa = PBXFrameworksBuildPhase;
			buildActionMask = 2147483647;
			files = (
			);
			runOnlyForDeploymentPostprocessing = 0;
		};
		3E44B67B2D9F1F6700527213 /* Frameworks */ = {
			isa = PBXFrameworksBuildPhase;
			buildActionMask = 2147483647;
			files = (
			);
			runOnlyForDeploymentPostprocessing = 0;
		};
/* End PBXFrameworksBuildPhase section */

/* Begin PBXGroup section */
		3E39B5042DA1BA55000B6D35 /* UseCases */ = {
			isa = PBXGroup;
			children = (
				3E39B50A2DA1DDD5000B6D35 /* ImageLoaderUseCase.swift */,
				3E44B6BA2DA0508100527213 /* FilmsUseCase.swift */,
				3E39B5452DA4DA01000B6D35 /* FilmDetailsUseCase.swift */,
				3E39B5612DA5B37E000B6D35 /* FavoritesFilmUseCase.swift */,
			);
			path = UseCases;
			sourceTree = "<group>";
		};
		3E39B50E2DA2D1F1000B6D35 /* ViewModels */ = {
			isa = PBXGroup;
			children = (
				3E44B6B62DA03AAA00527213 /* FilmsViewModel.swift */,
				3E39B50C2DA1E6D3000B6D35 /* MostRatedFilmViewModel.swift */,
				3E39B52A2DA48AA3000B6D35 /* PosterFilmViewModel.swift */,
			);
			path = ViewModels;
			sourceTree = "<group>";
		};
		3E39B5192DA4488C000B6D35 /* Utils */ = {
			isa = PBXGroup;
			children = (
				3E39B53D2DA4D72F000B6D35 /* Views */,
				3E39B53C2DA4D70E000B6D35 /* Extensions */,
				3E39B5302DA4A647000B6D35 /* Protocols */,
				3E39B5362DA4CD37000B6D35 /* SearchBarAdapter.swift */,
				3E39B5BA2DA6CD23000B6D35 /* Strings.swift */,
			);
			path = Utils;
			sourceTree = "<group>";
		};
		3E39B5202DA463C3000B6D35 /* Data */ = {
			isa = PBXGroup;
			children = (
				3E39B55E2DA5B2C0000B6D35 /* UserDefaults */,
				3E39B5212DA463E2000B6D35 /* Cache */,
				3E44B6992D9F33EC00527213 /* Network */,
			);
			path = Data;
			sourceTree = "<group>";
		};
		3E39B5212DA463E2000B6D35 /* Cache */ = {
			isa = PBXGroup;
			children = (
				3E39B5242DA46532000B6D35 /* ImageCacheService.swift */,
			);
			path = Cache;
			sourceTree = "<group>";
		};
		3E39B5222DA463F8000B6D35 /* Domain */ = {
			isa = PBXGroup;
			children = (
				3E39B5042DA1BA55000B6D35 /* UseCases */,
				3E44B69C2D9F346200527213 /* Film.swift */,
			);
			path = Domain;
			sourceTree = "<group>";
		};
		3E39B5302DA4A647000B6D35 /* Protocols */ = {
			isa = PBXGroup;
			children = (
				3E39B51A2DA4489D000B6D35 /* ViewCodable.swift */,
				3E39B51C2DA44CB6000B6D35 /* ReusableCell.swift */,
			);
			path = Protocols;
			sourceTree = "<group>";
		};
		3E39B5312DA4A650000B6D35 /* Factory */ = {
			isa = PBXGroup;
			children = (
				3E39B5262DA46715000B6D35 /* FilmsViewControllerFactory.swift */,
				3E39B5342DA4C335000B6D35 /* FilmsDataSourceFactory.swift */,
			);
			path = Factory;
			sourceTree = "<group>";
		};
		3E39B53C2DA4D70E000B6D35 /* Extensions */ = {
			isa = PBXGroup;
			children = (
				3E39B5382DA4CED2000B6D35 /* UICollectionView+ItemSize.swift */,
				3E39B53A2DA4D012000B6D35 /* UIView+AutoLayout.swift */,
				3E39B55A2DA59488000B6D35 /* UIView+CardStyle.swift */,
				3E39B54D2DA4DE32000B6D35 /* String+FormattedTime.swift */,
			);
			path = Extensions;
			sourceTree = "<group>";
		};
		3E39B53D2DA4D72F000B6D35 /* Views */ = {
			isa = PBXGroup;
			children = (
				3E39B56C2DA5CE7B000B6D35 /* StatefulViewController.swift */,
				3E39B5282DA4776F000B6D35 /* WarningView.swift */,
			);
			path = Views;
			sourceTree = "<group>";
		};
		3E39B53E2DA4D74D000B6D35 /* FilmDetails */ = {
			isa = PBXGroup;
			children = (
				3E39B5492DA4DDE1000B6D35 /* ViewModels */,
				3E39B54A2DA4DDF1000B6D35 /* Views */,
				3E39B53F2DA4D768000B6D35 /* FilmDetailsViewController.swift */,
				3E39B5522DA57018000B6D35 /* FilmDetailsViewControllerFactory.swift */,
				3E39B5472DA4DD7C000B6D35 /* FilmDetailsViewControllerState.swift */,
			);
			path = FilmDetails;
			sourceTree = "<group>";
		};
		3E39B5492DA4DDE1000B6D35 /* ViewModels */ = {
			isa = PBXGroup;
			children = (
				3E39B5432DA4D9CF000B6D35 /* FilmDetailsViewModel.swift */,
				3E39B54B2DA4DE07000B6D35 /* FilmDetailsContentViewModel.swift */,
			);
			path = ViewModels;
			sourceTree = "<group>";
		};
		3E39B54A2DA4DDF1000B6D35 /* Views */ = {
			isa = PBXGroup;
			children = (
				3E39B5412DA4D858000B6D35 /* FilmDetailsContentView.swift */,
			);
			path = Views;
			sourceTree = "<group>";
		};
		3E39B54F2DA4E105000B6D35 /* Router */ = {
			isa = PBXGroup;
			children = (
				3E39B5502DA4E117000B6D35 /* FilmsRouter.swift */,
			);
			path = Router;
			sourceTree = "<group>";
		};
		3E39B55E2DA5B2C0000B6D35 /* UserDefaults */ = {
			isa = PBXGroup;
			children = (
				3E39B55F2DA5B2D9000B6D35 /* FilmUserDefaults.swift */,
				3E39B57A2DA5EDAD000B6D35 /* OnboardingUserDefaults.swift */,
			);
			path = UserDefaults;
			sourceTree = "<group>";
		};
		3E39B5632DA5BDA7000B6D35 /* Favorites */ = {
			isa = PBXGroup;
			children = (
				3E39B56E2DA5E468000B6D35 /* FavoritesRouter.swift */,
				3E39B5662DA5BEC1000B6D35 /* FavoritesViewModel.swift */,
				3E39B5642DA5BDC7000B6D35 /* FavoritesViewController.swift */,
				3E39B5682DA5C2B7000B6D35 /* FavoritesViewControllerState.swift */,
				3E39B56A2DA5C451000B6D35 /* FavoritesViewControllerFactory.swift */,
			);
			path = Favorites;
			sourceTree = "<group>";
		};
		3E39B5702DA5EA2A000B6D35 /* Onboarding */ = {
			isa = PBXGroup;
			children = (
				3E39B5732DA5EABF000B6D35 /* OnboardingView.swift */,
				3E39B5752DA5EC51000B6D35 /* OnboardingViewModel.swift */,
				3E39B5782DA5ECD2000B6D35 /* OnboardingHostingController.swift */,
				3E39B57C2DA5EF4A000B6D35 /* OnboardingViewControllerFactory.swift */,
				3E39B57E2DA5F09D000B6D35 /* OnboardingRouter.swift */,
			);
			path = Onboarding;
			sourceTree = "<group>";
		};
		3E39B5852DA61139000B6D35 /* GhibliArchiveTests */ = {
			isa = PBXGroup;
			children = (
				3E39B59A2DA69D1A000B6D35 /* VewModels */,
				3E39B5942DA623C8000B6D35 /* UseCases */,
				3E39B58D2DA611D6000B6D35 /* Data */,
			);
			path = GhibliArchiveTests;
			sourceTree = "<group>";
		};
		3E39B58D2DA611D6000B6D35 /* Data */ = {
			isa = PBXGroup;
			children = (
				3E39B5B52DA6CA67000B6D35 /* Extensions */,
				3E39B5992DA62410000B6D35 /* Mocks */,
				3E39B5902DA6154A000B6D35 /* FilmsNetworkServiceTests.swift */,
			);
			path = Data;
			sourceTree = "<group>";
		};
		3E39B5942DA623C8000B6D35 /* UseCases */ = {
			isa = PBXGroup;
			children = (
				3E39B59C2DA69D7F000B6D35 /* Mocks */,
				3E39B5952DA623E8000B6D35 /* ImageLoaderUseCaseTestes.swift */,
			);
			path = UseCases;
			sourceTree = "<group>";
		};
		3E39B5992DA62410000B6D35 /* Mocks */ = {
			isa = PBXGroup;
			children = (
				3E39B58E2DA61213000B6D35 /* MockNetworkService.swift */,
			);
			path = Mocks;
			sourceTree = "<group>";
		};
		3E39B59A2DA69D1A000B6D35 /* VewModels */ = {
			isa = PBXGroup;
			children = (
				3E39B5A92DA6A5A9000B6D35 /* Spies */,
				3E39B59B2DA69D73000B6D35 /* Mocks */,
				3E39B5A12DA69DFA000B6D35 /* FilmsViewModelTests.swift */,
				3E39B5A32DA6A43D000B6D35 /* FilmDetailsViewModelTests.swift */,
				3E39B5AC2DA6A98B000B6D35 /* FavoritesViewModelTests.swift */,
				3E39B5B02DA6AB8C000B6D35 /* OnboardingViewModelTests.swift */,
			);
			path = VewModels;
			sourceTree = "<group>";
		};
		3E39B59B2DA69D73000B6D35 /* Mocks */ = {
			isa = PBXGroup;
			children = (
				3E39B59D2DA69DAB000B6D35 /* MockFilmsUseCase.swift */,
				3E39B5A52DA6A4CD000B6D35 /* MockFilmDetailsUseCase.swift */,
				3E39B5AA2DA6A900000B6D35 /* MockFavoritesUseCase.swift */,
			);
			path = Mocks;
			sourceTree = "<group>";
		};
		3E39B59C2DA69D7F000B6D35 /* Mocks */ = {
			isa = PBXGroup;
			children = (
				3E39B5972DA62400000B6D35 /* MockImageCacheService.swift */,
			);
			path = Mocks;
			sourceTree = "<group>";
		};
		3E39B5A92DA6A5A9000B6D35 /* Spies */ = {
			isa = PBXGroup;
			children = (
				3E39B5AE2DA6AB10000B6D35 /* SpyOnboardingUserDefaults.swift */,
				3E39B59F2DA69DCD000B6D35 /* SpyImageLoaderUseCase.swift */,
				3E39B5A72DA6A4FC000B6D35 /* SpyFavoritesUseCase.swift */,
			);
			path = Spies;
			sourceTree = "<group>";
		};
		3E39B5B52DA6CA67000B6D35 /* Extensions */ = {
			isa = PBXGroup;
			children = (
				3E39B5922DA617B1000B6D35 /* Film+Fixture.swift */,
				3E39B5B62DA6CA7B000B6D35 /* NetworkError+Equatable.swift */,
			);
			path = Extensions;
			sourceTree = "<group>";
		};
		3E44B6752D9F1F6700527213 = {
			isa = PBXGroup;
			children = (
				3E44B6802D9F1F6700527213 /* GhibliArchive */,
				3E39B5852DA61139000B6D35 /* GhibliArchiveTests */,
				3E44B67F2D9F1F6700527213 /* Products */,
			);
			sourceTree = "<group>";
		};
		3E44B67F2D9F1F6700527213 /* Products */ = {
			isa = PBXGroup;
			children = (
				3E44B67E2D9F1F6700527213 /* GhibliArchive.app */,
				3E39B5842DA61139000B6D35 /* GhibliArchiveTests.xctest */,
			);
			name = Products;
			sourceTree = "<group>";
		};
		3E44B6802D9F1F6700527213 /* GhibliArchive */ = {
			isa = PBXGroup;
			children = (
				3E44B68F2D9F1F6A00527213 /* Info.plist */,
				3E44B6962D9F32B200527213 /* App */,
				3E39B5202DA463C3000B6D35 /* Data */,
				3E39B5222DA463F8000B6D35 /* Domain */,
				3E44B6982D9F32DF00527213 /* Presentation */,
				3E44B6972D9F32D400527213 /* Resources */,
			);
			path = GhibliArchive;
			sourceTree = "<group>";
		};
		3E44B6962D9F32B200527213 /* App */ = {
			isa = PBXGroup;
			children = (
				3E44B6812D9F1F6700527213 /* AppDelegate.swift */,
				3E44B6832D9F1F6700527213 /* SceneDelegate.swift */,
			);
			path = App;
			sourceTree = "<group>";
		};
		3E44B6972D9F32D400527213 /* Resources */ = {
			isa = PBXGroup;
			children = (
				3E44B68A2D9F1F6A00527213 /* Assets.xcassets */,
				3E39B5BE2DA6D08D000B6D35 /* Localizable.strings */,
			);
			path = Resources;
			sourceTree = "<group>";
		};
		3E44B6982D9F32DF00527213 /* Presentation */ = {
			isa = PBXGroup;
			children = (
				3E39B5192DA4488C000B6D35 /* Utils */,
				3E39B5702DA5EA2A000B6D35 /* Onboarding */,
				3E39B5632DA5BDA7000B6D35 /* Favorites */,
				3E39B53E2DA4D74D000B6D35 /* FilmDetails */,
				3E44B6B52DA03A8D00527213 /* Films */,
			);
			path = Presentation;
			sourceTree = "<group>";
		};
		3E44B6992D9F33EC00527213 /* Network */ = {
			isa = PBXGroup;
			children = (
				3E44B6BC2DA052CC00527213 /* Service */,
				3E44B6A22D9F372400527213 /* Endpoint.swift */,
				3E44B6A62D9F433C00527213 /* NetworkError.swift */,
			);
			path = Network;
			sourceTree = "<group>";
		};
		3E44B6B52DA03A8D00527213 /* Films */ = {
			isa = PBXGroup;
			children = (
				3E39B5312DA4A650000B6D35 /* Factory */,
				3E39B54F2DA4E105000B6D35 /* Router */,
				3E39B50E2DA2D1F1000B6D35 /* ViewModels */,
				3E44B6BF2DA05F5B00527213 /* Views */,
				3E44B6852D9F1F6700527213 /* FilmsViewController.swift */,
				3E39B52E2DA4924B000B6D35 /* FilmsViewControllerState.swift */,
			);
			path = Films;
			sourceTree = "<group>";
		};
		3E44B6BC2DA052CC00527213 /* Service */ = {
			isa = PBXGroup;
			children = (
				3E44B6A02D9F36D600527213 /* NetworkServiceProtocol.swift */,
				3E44B6BD2DA0530800527213 /* FilmsNetworkService.swift */,
			);
			path = Service;
			sourceTree = "<group>";
		};
		3E44B6BF2DA05F5B00527213 /* Views */ = {
			isa = PBXGroup;
			children = (
				3E39B5112DA35562000B6D35 /* PosterFilmCell.swift */,
				3E44B6C22DA0606100527213 /* MostRatedFilmCell.swift */,
				3E39B5322DA4BB82000B6D35 /* FilmsContentView.swift */,
			);
			path = Views;
			sourceTree = "<group>";
		};
/* End PBXGroup section */

/* Begin PBXNativeTarget section */
		3E39B5832DA61139000B6D35 /* GhibliArchiveTests */ = {
			isa = PBXNativeTarget;
			buildConfigurationList = 3E39B58A2DA61139000B6D35 /* Build configuration list for PBXNativeTarget "GhibliArchiveTests" */;
			buildPhases = (
				3E39B5802DA61139000B6D35 /* Sources */,
				3E39B5812DA61139000B6D35 /* Frameworks */,
				3E39B5822DA61139000B6D35 /* Resources */,
			);
			buildRules = (
			);
			dependencies = (
				3E39B5892DA61139000B6D35 /* PBXTargetDependency */,
			);
			name = GhibliArchiveTests;
			productName = GhibliArchiveTests;
			productReference = 3E39B5842DA61139000B6D35 /* GhibliArchiveTests.xctest */;
			productType = "com.apple.product-type.bundle.unit-test";
		};
		3E44B67D2D9F1F6700527213 /* GhibliArchive */ = {
			isa = PBXNativeTarget;
			buildConfigurationList = 3E44B6922D9F1F6A00527213 /* Build configuration list for PBXNativeTarget "GhibliArchive" */;
			buildPhases = (
				3E44B67A2D9F1F6700527213 /* Sources */,
				3E44B67B2D9F1F6700527213 /* Frameworks */,
				3E44B67C2D9F1F6700527213 /* Resources */,
			);
			buildRules = (
			);
			dependencies = (
			);
			name = GhibliArchive;
			productName = GhibliArchive;
			productReference = 3E44B67E2D9F1F6700527213 /* GhibliArchive.app */;
			productType = "com.apple.product-type.application";
		};
/* End PBXNativeTarget section */

/* Begin PBXProject section */
		3E44B6762D9F1F6700527213 /* Project object */ = {
			isa = PBXProject;
			attributes = {
				BuildIndependentTargetsInParallel = 1;
				LastSwiftUpdateCheck = 1510;
				LastUpgradeCheck = 1510;
				TargetAttributes = {
					3E39B5832DA61139000B6D35 = {
						CreatedOnToolsVersion = 15.1;
						LastSwiftMigration = 1510;
						TestTargetID = 3E44B67D2D9F1F6700527213;
					};
					3E44B67D2D9F1F6700527213 = {
						CreatedOnToolsVersion = 15.1;
					};
				};
			};
			buildConfigurationList = 3E44B6792D9F1F6700527213 /* Build configuration list for PBXProject "GhibliArchive" */;
			compatibilityVersion = "Xcode 14.0";
			developmentRegion = en;
			hasScannedForEncodings = 0;
			knownRegions = (
				en,
				Base,
			);
			mainGroup = 3E44B6752D9F1F6700527213;
			productRefGroup = 3E44B67F2D9F1F6700527213 /* Products */;
			projectDirPath = "";
			projectRoot = "";
			targets = (
				3E44B67D2D9F1F6700527213 /* GhibliArchive */,
				3E39B5832DA61139000B6D35 /* GhibliArchiveTests */,
			);
		};
/* End PBXProject section */

/* Begin PBXResourcesBuildPhase section */
		3E39B5822DA61139000B6D35 /* Resources */ = {
			isa = PBXResourcesBuildPhase;
			buildActionMask = 2147483647;
			files = (
			);
			runOnlyForDeploymentPostprocessing = 0;
		};
		3E44B67C2D9F1F6700527213 /* Resources */ = {
			isa = PBXResourcesBuildPhase;
			buildActionMask = 2147483647;
			files = (
				3E39B5BC2DA6D08D000B6D35 /* Localizable.strings in Resources */,
				3E44B68B2D9F1F6A00527213 /* Assets.xcassets in Resources */,
			);
			runOnlyForDeploymentPostprocessing = 0;
		};
/* End PBXResourcesBuildPhase section */

/* Begin PBXSourcesBuildPhase section */
		3E39B5802DA61139000B6D35 /* Sources */ = {
			isa = PBXSourcesBuildPhase;
			buildActionMask = 2147483647;
			files = (
				3E39B5982DA62400000B6D35 /* MockImageCacheService.swift in Sources */,
				3E39B5A42DA6A43D000B6D35 /* FilmDetailsViewModelTests.swift in Sources */,
				3E39B5912DA6154A000B6D35 /* FilmsNetworkServiceTests.swift in Sources */,
				3E39B5962DA623E8000B6D35 /* ImageLoaderUseCaseTestes.swift in Sources */,
				3E39B5A62DA6A4CD000B6D35 /* MockFilmDetailsUseCase.swift in Sources */,
				3E39B5B12DA6AB8C000B6D35 /* OnboardingViewModelTests.swift in Sources */,
				3E39B5AD2DA6A98B000B6D35 /* FavoritesViewModelTests.swift in Sources */,
				3E39B5AF2DA6AB10000B6D35 /* SpyOnboardingUserDefaults.swift in Sources */,
				3E39B5932DA617B1000B6D35 /* Film+Fixture.swift in Sources */,
				3E39B58F2DA61213000B6D35 /* MockNetworkService.swift in Sources */,
				3E39B5B72DA6CA7B000B6D35 /* NetworkError+Equatable.swift in Sources */,
				3E39B5AB2DA6A900000B6D35 /* MockFavoritesUseCase.swift in Sources */,
				3E39B5A82DA6A4FC000B6D35 /* SpyFavoritesUseCase.swift in Sources */,
				3E39B5A02DA69DCD000B6D35 /* SpyImageLoaderUseCase.swift in Sources */,
				3E39B5A22DA69DFA000B6D35 /* FilmsViewModelTests.swift in Sources */,
				3E39B59E2DA69DAB000B6D35 /* MockFilmsUseCase.swift in Sources */,
			);
			runOnlyForDeploymentPostprocessing = 0;
		};
		3E44B67A2D9F1F6700527213 /* Sources */ = {
			isa = PBXSourcesBuildPhase;
			buildActionMask = 2147483647;
			files = (
				3E39B56F2DA5E468000B6D35 /* FavoritesRouter.swift in Sources */,
				3E39B5692DA5C2B7000B6D35 /* FavoritesViewControllerState.swift in Sources */,
				3E39B56B2DA5C451000B6D35 /* FavoritesViewControllerFactory.swift in Sources */,
				3E39B56D2DA5CE7B000B6D35 /* StatefulViewController.swift in Sources */,
				3E39B5392DA4CED3000B6D35 /* UICollectionView+ItemSize.swift in Sources */,
				3E39B5422DA4D858000B6D35 /* FilmDetailsContentView.swift in Sources */,
				3E39B5672DA5BEC1000B6D35 /* FavoritesViewModel.swift in Sources */,
				3E44B6A32D9F372400527213 /* Endpoint.swift in Sources */,
				3E39B5442DA4D9D0000B6D35 /* FilmDetailsViewModel.swift in Sources */,
				3E39B5512DA4E117000B6D35 /* FilmsRouter.swift in Sources */,
				3E39B5352DA4C335000B6D35 /* FilmsDataSourceFactory.swift in Sources */,
				3E39B54C2DA4DE07000B6D35 /* FilmDetailsContentViewModel.swift in Sources */,
				3E39B5602DA5B2D9000B6D35 /* FilmUserDefaults.swift in Sources */,
				3E39B5762DA5EC52000B6D35 /* OnboardingViewModel.swift in Sources */,
				3E44B6C32DA0606100527213 /* MostRatedFilmCell.swift in Sources */,
				3E39B50D2DA1E6D3000B6D35 /* MostRatedFilmViewModel.swift in Sources */,
				3E39B54E2DA4DE32000B6D35 /* String+FormattedTime.swift in Sources */,
				3E39B51D2DA44CB6000B6D35 /* ReusableCell.swift in Sources */,
				3E44B6BE2DA0530800527213 /* FilmsNetworkService.swift in Sources */,
				3E39B57B2DA5EDAD000B6D35 /* OnboardingUserDefaults.swift in Sources */,
				3E44B6862D9F1F6700527213 /* FilmsViewController.swift in Sources */,
				3E39B5462DA4DA01000B6D35 /* FilmDetailsUseCase.swift in Sources */,
				3E39B5652DA5BDC7000B6D35 /* FavoritesViewController.swift in Sources */,
				3E39B5742DA5EABF000B6D35 /* OnboardingView.swift in Sources */,
				3E39B5532DA57018000B6D35 /* FilmDetailsViewControllerFactory.swift in Sources */,
				3E44B6822D9F1F6700527213 /* AppDelegate.swift in Sources */,
				3E44B69D2D9F346200527213 /* Film.swift in Sources */,
				3E44B6842D9F1F6700527213 /* SceneDelegate.swift in Sources */,
				3E39B57F2DA5F09D000B6D35 /* OnboardingRouter.swift in Sources */,
				3E44B6B72DA03AAA00527213 /* FilmsViewModel.swift in Sources */,
				3E39B55B2DA59488000B6D35 /* UIView+CardStyle.swift in Sources */,
				3E39B5792DA5ECD2000B6D35 /* OnboardingHostingController.swift in Sources */,
				3E39B5372DA4CD37000B6D35 /* SearchBarAdapter.swift in Sources */,
				3E39B52B2DA48AA3000B6D35 /* PosterFilmViewModel.swift in Sources */,
				3E39B57D2DA5EF4A000B6D35 /* OnboardingViewControllerFactory.swift in Sources */,
				3E39B52F2DA4924B000B6D35 /* FilmsViewControllerState.swift in Sources */,
				3E39B5332DA4BB82000B6D35 /* FilmsContentView.swift in Sources */,
				3E39B51B2DA4489D000B6D35 /* ViewCodable.swift in Sources */,
				3E39B5402DA4D768000B6D35 /* FilmDetailsViewController.swift in Sources */,
				3E39B5122DA35562000B6D35 /* PosterFilmCell.swift in Sources */,
				3E39B5252DA46532000B6D35 /* ImageCacheService.swift in Sources */,
				3E39B5272DA46715000B6D35 /* FilmsViewControllerFactory.swift in Sources */,
				3E39B5482DA4DD7C000B6D35 /* FilmDetailsViewControllerState.swift in Sources */,
				3E44B6BB2DA0508100527213 /* FilmsUseCase.swift in Sources */,
				3E44B6A12D9F36D600527213 /* NetworkServiceProtocol.swift in Sources */,
				3E39B5622DA5B37E000B6D35 /* FavoritesFilmUseCase.swift in Sources */,
				3E39B5BB2DA6CD24000B6D35 /* Strings.swift in Sources */,
				3E39B53B2DA4D012000B6D35 /* UIView+AutoLayout.swift in Sources */,
				3E39B50B2DA1DDD5000B6D35 /* ImageLoaderUseCase.swift in Sources */,
				3E44B6A72D9F433C00527213 /* NetworkError.swift in Sources */,
				3E39B5292DA4776F000B6D35 /* WarningView.swift in Sources */,
			);
			runOnlyForDeploymentPostprocessing = 0;
		};
/* End PBXSourcesBuildPhase section */

/* Begin PBXTargetDependency section */
		3E39B5892DA61139000B6D35 /* PBXTargetDependency */ = {
			isa = PBXTargetDependency;
			target = 3E44B67D2D9F1F6700527213 /* GhibliArchive */;
			targetProxy = 3E39B5882DA61139000B6D35 /* PBXContainerItemProxy */;
		};
/* End PBXTargetDependency section */

/* Begin PBXVariantGroup section */
		3E39B5BE2DA6D08D000B6D35 /* Localizable.strings */ = {
			isa = PBXVariantGroup;
			children = (
				3E39B5BD2DA6D08D000B6D35 /* en */,
			);
			name = Localizable.strings;
			sourceTree = "<group>";
		};
/* End PBXVariantGroup section */

/* Begin XCBuildConfiguration section */
		3E39B58B2DA61139000B6D35 /* Debug */ = {
			isa = XCBuildConfiguration;
			buildSettings = {
				BUNDLE_LOADER = "$(TEST_HOST)";
				CLANG_ENABLE_MODULES = YES;
				CODE_SIGN_STYLE = Automatic;
				CURRENT_PROJECT_VERSION = 1;
				GENERATE_INFOPLIST_FILE = YES;
				MARKETING_VERSION = 1.0;
				PRODUCT_BUNDLE_IDENTIFIER = akhaten.GhibliArchiveTests;
				PRODUCT_NAME = "$(TARGET_NAME)";
				SWIFT_EMIT_LOC_STRINGS = NO;
				SWIFT_OPTIMIZATION_LEVEL = "-Onone";
				SWIFT_VERSION = 5.0;
				TARGETED_DEVICE_FAMILY = "1,2";
				TEST_HOST = "$(BUILT_PRODUCTS_DIR)/GhibliArchive.app/$(BUNDLE_EXECUTABLE_FOLDER_PATH)/GhibliArchive";
			};
			name = Debug;
		};
		3E39B58C2DA61139000B6D35 /* Release */ = {
			isa = XCBuildConfiguration;
			buildSettings = {
				BUNDLE_LOADER = "$(TEST_HOST)";
				CLANG_ENABLE_MODULES = YES;
				CODE_SIGN_STYLE = Automatic;
				CURRENT_PROJECT_VERSION = 1;
				GENERATE_INFOPLIST_FILE = YES;
				MARKETING_VERSION = 1.0;
				PRODUCT_BUNDLE_IDENTIFIER = akhaten.GhibliArchiveTests;
				PRODUCT_NAME = "$(TARGET_NAME)";
				SWIFT_EMIT_LOC_STRINGS = NO;
				SWIFT_VERSION = 5.0;
				TARGETED_DEVICE_FAMILY = "1,2";
				TEST_HOST = "$(BUILT_PRODUCTS_DIR)/GhibliArchive.app/$(BUNDLE_EXECUTABLE_FOLDER_PATH)/GhibliArchive";
			};
			name = Release;
		};
		3E44B6902D9F1F6A00527213 /* Debug */ = {
			isa = XCBuildConfiguration;
			buildSettings = {
				ALWAYS_SEARCH_USER_PATHS = NO;
				ASSETCATALOG_COMPILER_GENERATE_SWIFT_ASSET_SYMBOL_EXTENSIONS = YES;
				CLANG_ANALYZER_NONNULL = YES;
				CLANG_ANALYZER_NUMBER_OBJECT_CONVERSION = YES_AGGRESSIVE;
				CLANG_CXX_LANGUAGE_STANDARD = "gnu++20";
				CLANG_ENABLE_MODULES = YES;
				CLANG_ENABLE_OBJC_ARC = YES;
				CLANG_ENABLE_OBJC_WEAK = YES;
				CLANG_WARN_BLOCK_CAPTURE_AUTORELEASING = YES;
				CLANG_WARN_BOOL_CONVERSION = YES;
				CLANG_WARN_COMMA = YES;
				CLANG_WARN_CONSTANT_CONVERSION = YES;
				CLANG_WARN_DEPRECATED_OBJC_IMPLEMENTATIONS = YES;
				CLANG_WARN_DIRECT_OBJC_ISA_USAGE = YES_ERROR;
				CLANG_WARN_DOCUMENTATION_COMMENTS = YES;
				CLANG_WARN_EMPTY_BODY = YES;
				CLANG_WARN_ENUM_CONVERSION = YES;
				CLANG_WARN_INFINITE_RECURSION = YES;
				CLANG_WARN_INT_CONVERSION = YES;
				CLANG_WARN_NON_LITERAL_NULL_CONVERSION = YES;
				CLANG_WARN_OBJC_IMPLICIT_RETAIN_SELF = YES;
				CLANG_WARN_OBJC_LITERAL_CONVERSION = YES;
				CLANG_WARN_OBJC_ROOT_CLASS = YES_ERROR;
				CLANG_WARN_QUOTED_INCLUDE_IN_FRAMEWORK_HEADER = YES;
				CLANG_WARN_RANGE_LOOP_ANALYSIS = YES;
				CLANG_WARN_STRICT_PROTOTYPES = YES;
				CLANG_WARN_SUSPICIOUS_MOVE = YES;
				CLANG_WARN_UNGUARDED_AVAILABILITY = YES_AGGRESSIVE;
				CLANG_WARN_UNREACHABLE_CODE = YES;
				CLANG_WARN__DUPLICATE_METHOD_MATCH = YES;
				COPY_PHASE_STRIP = NO;
				DEBUG_INFORMATION_FORMAT = dwarf;
				ENABLE_STRICT_OBJC_MSGSEND = YES;
				ENABLE_TESTABILITY = YES;
				ENABLE_USER_SCRIPT_SANDBOXING = YES;
				GCC_C_LANGUAGE_STANDARD = gnu17;
				GCC_DYNAMIC_NO_PIC = NO;
				GCC_NO_COMMON_BLOCKS = YES;
				GCC_OPTIMIZATION_LEVEL = 0;
				GCC_PREPROCESSOR_DEFINITIONS = (
					"DEBUG=1",
					"$(inherited)",
				);
				GCC_WARN_64_TO_32_BIT_CONVERSION = YES;
				GCC_WARN_ABOUT_RETURN_TYPE = YES_ERROR;
				GCC_WARN_UNDECLARED_SELECTOR = YES;
				GCC_WARN_UNINITIALIZED_AUTOS = YES_AGGRESSIVE;
				GCC_WARN_UNUSED_FUNCTION = YES;
				GCC_WARN_UNUSED_VARIABLE = YES;
				IPHONEOS_DEPLOYMENT_TARGET = 17.2;
				LOCALIZATION_PREFERS_STRING_CATALOGS = YES;
				MTL_ENABLE_DEBUG_INFO = INCLUDE_SOURCE;
				MTL_FAST_MATH = YES;
				ONLY_ACTIVE_ARCH = YES;
				SDKROOT = iphoneos;
				SWIFT_ACTIVE_COMPILATION_CONDITIONS = "DEBUG $(inherited)";
				SWIFT_OPTIMIZATION_LEVEL = "-Onone";
			};
			name = Debug;
		};
		3E44B6912D9F1F6A00527213 /* Release */ = {
			isa = XCBuildConfiguration;
			buildSettings = {
				ALWAYS_SEARCH_USER_PATHS = NO;
				ASSETCATALOG_COMPILER_GENERATE_SWIFT_ASSET_SYMBOL_EXTENSIONS = YES;
				CLANG_ANALYZER_NONNULL = YES;
				CLANG_ANALYZER_NUMBER_OBJECT_CONVERSION = YES_AGGRESSIVE;
				CLANG_CXX_LANGUAGE_STANDARD = "gnu++20";
				CLANG_ENABLE_MODULES = YES;
				CLANG_ENABLE_OBJC_ARC = YES;
				CLANG_ENABLE_OBJC_WEAK = YES;
				CLANG_WARN_BLOCK_CAPTURE_AUTORELEASING = YES;
				CLANG_WARN_BOOL_CONVERSION = YES;
				CLANG_WARN_COMMA = YES;
				CLANG_WARN_CONSTANT_CONVERSION = YES;
				CLANG_WARN_DEPRECATED_OBJC_IMPLEMENTATIONS = YES;
				CLANG_WARN_DIRECT_OBJC_ISA_USAGE = YES_ERROR;
				CLANG_WARN_DOCUMENTATION_COMMENTS = YES;
				CLANG_WARN_EMPTY_BODY = YES;
				CLANG_WARN_ENUM_CONVERSION = YES;
				CLANG_WARN_INFINITE_RECURSION = YES;
				CLANG_WARN_INT_CONVERSION = YES;
				CLANG_WARN_NON_LITERAL_NULL_CONVERSION = YES;
				CLANG_WARN_OBJC_IMPLICIT_RETAIN_SELF = YES;
				CLANG_WARN_OBJC_LITERAL_CONVERSION = YES;
				CLANG_WARN_OBJC_ROOT_CLASS = YES_ERROR;
				CLANG_WARN_QUOTED_INCLUDE_IN_FRAMEWORK_HEADER = YES;
				CLANG_WARN_RANGE_LOOP_ANALYSIS = YES;
				CLANG_WARN_STRICT_PROTOTYPES = YES;
				CLANG_WARN_SUSPICIOUS_MOVE = YES;
				CLANG_WARN_UNGUARDED_AVAILABILITY = YES_AGGRESSIVE;
				CLANG_WARN_UNREACHABLE_CODE = YES;
				CLANG_WARN__DUPLICATE_METHOD_MATCH = YES;
				COPY_PHASE_STRIP = NO;
				DEBUG_INFORMATION_FORMAT = "dwarf-with-dsym";
				ENABLE_NS_ASSERTIONS = NO;
				ENABLE_STRICT_OBJC_MSGSEND = YES;
				ENABLE_USER_SCRIPT_SANDBOXING = YES;
				GCC_C_LANGUAGE_STANDARD = gnu17;
				GCC_NO_COMMON_BLOCKS = YES;
				GCC_WARN_64_TO_32_BIT_CONVERSION = YES;
				GCC_WARN_ABOUT_RETURN_TYPE = YES_ERROR;
				GCC_WARN_UNDECLARED_SELECTOR = YES;
				GCC_WARN_UNINITIALIZED_AUTOS = YES_AGGRESSIVE;
				GCC_WARN_UNUSED_FUNCTION = YES;
				GCC_WARN_UNUSED_VARIABLE = YES;
				IPHONEOS_DEPLOYMENT_TARGET = 17.2;
				LOCALIZATION_PREFERS_STRING_CATALOGS = YES;
				MTL_ENABLE_DEBUG_INFO = NO;
				MTL_FAST_MATH = YES;
				SDKROOT = iphoneos;
				SWIFT_COMPILATION_MODE = wholemodule;
				VALIDATE_PRODUCT = YES;
			};
			name = Release;
		};
		3E44B6932D9F1F6A00527213 /* Debug */ = {
			isa = XCBuildConfiguration;
			buildSettings = {
				ASSETCATALOG_COMPILER_APPICON_NAME = AppIcon;
				ASSETCATALOG_COMPILER_GLOBAL_ACCENT_COLOR_NAME = AccentColor;
				CODE_SIGN_STYLE = Automatic;
				CURRENT_PROJECT_VERSION = 1;
				GENERATE_INFOPLIST_FILE = YES;
				INFOPLIST_FILE = GhibliArchive/Info.plist;
				INFOPLIST_KEY_UIApplicationSupportsIndirectInputEvents = YES;
				INFOPLIST_KEY_UILaunchStoryboardName = LaunchScreen;
				INFOPLIST_KEY_UISupportedInterfaceOrientations_iPad = "UIInterfaceOrientationPortrait UIInterfaceOrientationPortraitUpsideDown UIInterfaceOrientationLandscapeLeft UIInterfaceOrientationLandscapeRight";
				INFOPLIST_KEY_UISupportedInterfaceOrientations_iPhone = "UIInterfaceOrientationPortrait UIInterfaceOrientationLandscapeLeft UIInterfaceOrientationLandscapeRight";
				LD_RUNPATH_SEARCH_PATHS = (
					"$(inherited)",
					"@executable_path/Frameworks",
				);
				MARKETING_VERSION = 1.0;
				PRODUCT_BUNDLE_IDENTIFIER = akhaten.GhibliArchive;
				PRODUCT_NAME = "$(TARGET_NAME)";
				SWIFT_EMIT_LOC_STRINGS = YES;
				SWIFT_VERSION = 5.0;
				TARGETED_DEVICE_FAMILY = "1,2";
			};
			name = Debug;
		};
		3E44B6942D9F1F6A00527213 /* Release */ = {
			isa = XCBuildConfiguration;
			buildSettings = {
				ASSETCATALOG_COMPILER_APPICON_NAME = AppIcon;
				ASSETCATALOG_COMPILER_GLOBAL_ACCENT_COLOR_NAME = AccentColor;
				CODE_SIGN_STYLE = Automatic;
				CURRENT_PROJECT_VERSION = 1;
				GENERATE_INFOPLIST_FILE = YES;
				INFOPLIST_FILE = GhibliArchive/Info.plist;
				INFOPLIST_KEY_UIApplicationSupportsIndirectInputEvents = YES;
				INFOPLIST_KEY_UILaunchStoryboardName = LaunchScreen;
				INFOPLIST_KEY_UISupportedInterfaceOrientations_iPad = "UIInterfaceOrientationPortrait UIInterfaceOrientationPortraitUpsideDown UIInterfaceOrientationLandscapeLeft UIInterfaceOrientationLandscapeRight";
				INFOPLIST_KEY_UISupportedInterfaceOrientations_iPhone = "UIInterfaceOrientationPortrait UIInterfaceOrientationLandscapeLeft UIInterfaceOrientationLandscapeRight";
				LD_RUNPATH_SEARCH_PATHS = (
					"$(inherited)",
					"@executable_path/Frameworks",
				);
				MARKETING_VERSION = 1.0;
				PRODUCT_BUNDLE_IDENTIFIER = akhaten.GhibliArchive;
				PRODUCT_NAME = "$(TARGET_NAME)";
				SWIFT_EMIT_LOC_STRINGS = YES;
				SWIFT_VERSION = 5.0;
				TARGETED_DEVICE_FAMILY = "1,2";
			};
			name = Release;
		};
/* End XCBuildConfiguration section */

/* Begin XCConfigurationList section */
		3E39B58A2DA61139000B6D35 /* Build configuration list for PBXNativeTarget "GhibliArchiveTests" */ = {
			isa = XCConfigurationList;
			buildConfigurations = (
				3E39B58B2DA61139000B6D35 /* Debug */,
				3E39B58C2DA61139000B6D35 /* Release */,
			);
			defaultConfigurationIsVisible = 0;
			defaultConfigurationName = Release;
		};
		3E44B6792D9F1F6700527213 /* Build configuration list for PBXProject "GhibliArchive" */ = {
			isa = XCConfigurationList;
			buildConfigurations = (
				3E44B6902D9F1F6A00527213 /* Debug */,
				3E44B6912D9F1F6A00527213 /* Release */,
			);
			defaultConfigurationIsVisible = 0;
			defaultConfigurationName = Release;
		};
		3E44B6922D9F1F6A00527213 /* Build configuration list for PBXNativeTarget "GhibliArchive" */ = {
			isa = XCConfigurationList;
			buildConfigurations = (
				3E44B6932D9F1F6A00527213 /* Debug */,
				3E44B6942D9F1F6A00527213 /* Release */,
			);
			defaultConfigurationIsVisible = 0;
			defaultConfigurationName = Release;
		};
/* End XCConfigurationList section */
	};
	rootObject = 3E44B6762D9F1F6700527213 /* Project object */;
}
