// !$*UTF8*$!
{
	archiveVersion = 1;
	classes = {
	};
	objectVersion = 56;
	objects = {

/* Begin PBXBuildFile section */
		3E39B50B2DA1DDD5000B6D35 /* ImageLoaderUseCase.swift in Sources */ = {isa = PBXBuildFile; fileRef = 3E39B50A2DA1DDD5000B6D35 /* ImageLoaderUseCase.swift */; };
		3E39B50D2DA1E6D3000B6D35 /* MostRatedFilmViewModel.swift in Sources */ = {isa = PBXBuildFile; fileRef = 3E39B50C2DA1E6D3000B6D35 /* MostRatedFilmViewModel.swift */; };
		3E39B5122DA35562000B6D35 /* PosterFilmCell.swift in Sources */ = {isa = PBXBuildFile; fileRef = 3E39B5112DA35562000B6D35 /* PosterFilmCell.swift */; };
		3E39B5182DA44641000B6D35 /* FilmsSectionView.swift in Sources */ = {isa = PBXBuildFile; fileRef = 3E39B5172DA44641000B6D35 /* FilmsSectionView.swift */; };
		3E39B51B2DA4489D000B6D35 /* ViewCodable.swift in Sources */ = {isa = PBXBuildFile; fileRef = 3E39B51A2DA4489D000B6D35 /* ViewCodable.swift */; };
		3E39B51D2DA44CB6000B6D35 /* ReusableCell.swift in Sources */ = {isa = PBXBuildFile; fileRef = 3E39B51C2DA44CB6000B6D35 /* ReusableCell.swift */; };
		3E39B5252DA46532000B6D35 /* ImageCacheService.swift in Sources */ = {isa = PBXBuildFile; fileRef = 3E39B5242DA46532000B6D35 /* ImageCacheService.swift */; };
		3E39B5272DA46715000B6D35 /* FilmsViewControllerBuilder.swift in Sources */ = {isa = PBXBuildFile; fileRef = 3E39B5262DA46715000B6D35 /* FilmsViewControllerBuilder.swift */; };
		3E39B5292DA4776F000B6D35 /* ErrorView.swift in Sources */ = {isa = PBXBuildFile; fileRef = 3E39B5282DA4776F000B6D35 /* ErrorView.swift */; };
		3E39B52B2DA48AA3000B6D35 /* PosterFilmViewModel.swift in Sources */ = {isa = PBXBuildFile; fileRef = 3E39B52A2DA48AA3000B6D35 /* PosterFilmViewModel.swift */; };
		3E39B52D2DA4921F000B6D35 /* CollectionViewUtils.swift in Sources */ = {isa = PBXBuildFile; fileRef = 3E39B52C2DA4921F000B6D35 /* CollectionViewUtils.swift */; };
		3E39B52F2DA4924B000B6D35 /* FilmsViewControllerState.swift in Sources */ = {isa = PBXBuildFile; fileRef = 3E39B52E2DA4924B000B6D35 /* FilmsViewControllerState.swift */; };
		3E39B5332DA4BB82000B6D35 /* FilmsContentView.swift in Sources */ = {isa = PBXBuildFile; fileRef = 3E39B5322DA4BB82000B6D35 /* FilmsContentView.swift */; };
		3E39B5352DA4C335000B6D35 /* FilmsDataSourceFactory.swift in Sources */ = {isa = PBXBuildFile; fileRef = 3E39B5342DA4C335000B6D35 /* FilmsDataSourceFactory.swift */; };
		3E39B5372DA4CD37000B6D35 /* SearchBarAdapter.swift in Sources */ = {isa = PBXBuildFile; fileRef = 3E39B5362DA4CD37000B6D35 /* SearchBarAdapter.swift */; };
		3E39B5392DA4CED3000B6D35 /* UICollectionView+ItemSize.swift in Sources */ = {isa = PBXBuildFile; fileRef = 3E39B5382DA4CED2000B6D35 /* UICollectionView+ItemSize.swift */; };
		3E39B53B2DA4D012000B6D35 /* UIView+AutoLayout.swift in Sources */ = {isa = PBXBuildFile; fileRef = 3E39B53A2DA4D012000B6D35 /* UIView+AutoLayout.swift */; };
		3E44B6822D9F1F6700527213 /* AppDelegate.swift in Sources */ = {isa = PBXBuildFile; fileRef = 3E44B6812D9F1F6700527213 /* AppDelegate.swift */; };
		3E44B6842D9F1F6700527213 /* SceneDelegate.swift in Sources */ = {isa = PBXBuildFile; fileRef = 3E44B6832D9F1F6700527213 /* SceneDelegate.swift */; };
		3E44B6862D9F1F6700527213 /* FilmsViewController.swift in Sources */ = {isa = PBXBuildFile; fileRef = 3E44B6852D9F1F6700527213 /* FilmsViewController.swift */; };
		3E44B68B2D9F1F6A00527213 /* Assets.xcassets in Resources */ = {isa = PBXBuildFile; fileRef = 3E44B68A2D9F1F6A00527213 /* Assets.xcassets */; };
		3E44B69D2D9F346200527213 /* Film.swift in Sources */ = {isa = PBXBuildFile; fileRef = 3E44B69C2D9F346200527213 /* Film.swift */; };
		3E44B6A12D9F36D600527213 /* NetworkServiceProtocol.swift in Sources */ = {isa = PBXBuildFile; fileRef = 3E44B6A02D9F36D600527213 /* NetworkServiceProtocol.swift */; };
		3E44B6A32D9F372400527213 /* Endpoint.swift in Sources */ = {isa = PBXBuildFile; fileRef = 3E44B6A22D9F372400527213 /* Endpoint.swift */; };
		3E44B6A72D9F433C00527213 /* NetworkError.swift in Sources */ = {isa = PBXBuildFile; fileRef = 3E44B6A62D9F433C00527213 /* NetworkError.swift */; };
		3E44B6A92D9F444100527213 /* JSONDecoding.swift in Sources */ = {isa = PBXBuildFile; fileRef = 3E44B6A82D9F444100527213 /* JSONDecoding.swift */; };
		3E44B6B72DA03AAA00527213 /* FilmsViewModel.swift in Sources */ = {isa = PBXBuildFile; fileRef = 3E44B6B62DA03AAA00527213 /* FilmsViewModel.swift */; };
		3E44B6BB2DA0508100527213 /* FilmsUseCase.swift in Sources */ = {isa = PBXBuildFile; fileRef = 3E44B6BA2DA0508100527213 /* FilmsUseCase.swift */; };
		3E44B6BE2DA0530800527213 /* FilmsNetworkService.swift in Sources */ = {isa = PBXBuildFile; fileRef = 3E44B6BD2DA0530800527213 /* FilmsNetworkService.swift */; };
		3E44B6C32DA0606100527213 /* MostRatedFilmCell.swift in Sources */ = {isa = PBXBuildFile; fileRef = 3E44B6C22DA0606100527213 /* MostRatedFilmCell.swift */; };
/* End PBXBuildFile section */

/* Begin PBXFileReference section */
		3E39B50A2DA1DDD5000B6D35 /* ImageLoaderUseCase.swift */ = {isa = PBXFileReference; lastKnownFileType = sourcecode.swift; path = ImageLoaderUseCase.swift; sourceTree = "<group>"; };
		3E39B50C2DA1E6D3000B6D35 /* MostRatedFilmViewModel.swift */ = {isa = PBXFileReference; lastKnownFileType = sourcecode.swift; path = MostRatedFilmViewModel.swift; sourceTree = "<group>"; };
		3E39B5112DA35562000B6D35 /* PosterFilmCell.swift */ = {isa = PBXFileReference; lastKnownFileType = sourcecode.swift; path = PosterFilmCell.swift; sourceTree = "<group>"; };
		3E39B5172DA44641000B6D35 /* FilmsSectionView.swift */ = {isa = PBXFileReference; lastKnownFileType = sourcecode.swift; path = FilmsSectionView.swift; sourceTree = "<group>"; };
		3E39B51A2DA4489D000B6D35 /* ViewCodable.swift */ = {isa = PBXFileReference; lastKnownFileType = sourcecode.swift; path = ViewCodable.swift; sourceTree = "<group>"; };
		3E39B51C2DA44CB6000B6D35 /* ReusableCell.swift */ = {isa = PBXFileReference; lastKnownFileType = sourcecode.swift; path = ReusableCell.swift; sourceTree = "<group>"; };
		3E39B5242DA46532000B6D35 /* ImageCacheService.swift */ = {isa = PBXFileReference; lastKnownFileType = sourcecode.swift; path = ImageCacheService.swift; sourceTree = "<group>"; };
		3E39B5262DA46715000B6D35 /* FilmsViewControllerBuilder.swift */ = {isa = PBXFileReference; lastKnownFileType = sourcecode.swift; path = FilmsViewControllerBuilder.swift; sourceTree = "<group>"; };
		3E39B5282DA4776F000B6D35 /* ErrorView.swift */ = {isa = PBXFileReference; lastKnownFileType = sourcecode.swift; path = ErrorView.swift; sourceTree = "<group>"; };
		3E39B52A2DA48AA3000B6D35 /* PosterFilmViewModel.swift */ = {isa = PBXFileReference; lastKnownFileType = sourcecode.swift; path = PosterFilmViewModel.swift; sourceTree = "<group>"; };
		3E39B52C2DA4921F000B6D35 /* CollectionViewUtils.swift */ = {isa = PBXFileReference; lastKnownFileType = sourcecode.swift; path = CollectionViewUtils.swift; sourceTree = "<group>"; };
		3E39B52E2DA4924B000B6D35 /* FilmsViewControllerState.swift */ = {isa = PBXFileReference; lastKnownFileType = sourcecode.swift; path = FilmsViewControllerState.swift; sourceTree = "<group>"; };
		3E39B5322DA4BB82000B6D35 /* FilmsContentView.swift */ = {isa = PBXFileReference; lastKnownFileType = sourcecode.swift; path = FilmsContentView.swift; sourceTree = "<group>"; };
		3E39B5342DA4C335000B6D35 /* FilmsDataSourceFactory.swift */ = {isa = PBXFileReference; lastKnownFileType = sourcecode.swift; path = FilmsDataSourceFactory.swift; sourceTree = "<group>"; };
		3E39B5362DA4CD37000B6D35 /* SearchBarAdapter.swift */ = {isa = PBXFileReference; lastKnownFileType = sourcecode.swift; path = SearchBarAdapter.swift; sourceTree = "<group>"; };
		3E39B5382DA4CED2000B6D35 /* UICollectionView+ItemSize.swift */ = {isa = PBXFileReference; lastKnownFileType = sourcecode.swift; path = "UICollectionView+ItemSize.swift"; sourceTree = "<group>"; };
		3E39B53A2DA4D012000B6D35 /* UIView+AutoLayout.swift */ = {isa = PBXFileReference; lastKnownFileType = sourcecode.swift; path = "UIView+AutoLayout.swift"; sourceTree = "<group>"; };
		3E44B67E2D9F1F6700527213 /* GhibliArchive.app */ = {isa = PBXFileReference; explicitFileType = wrapper.application; includeInIndex = 0; path = GhibliArchive.app; sourceTree = BUILT_PRODUCTS_DIR; };
		3E44B6812D9F1F6700527213 /* AppDelegate.swift */ = {isa = PBXFileReference; lastKnownFileType = sourcecode.swift; path = AppDelegate.swift; sourceTree = "<group>"; };
		3E44B6832D9F1F6700527213 /* SceneDelegate.swift */ = {isa = PBXFileReference; lastKnownFileType = sourcecode.swift; path = SceneDelegate.swift; sourceTree = "<group>"; };
		3E44B6852D9F1F6700527213 /* FilmsViewController.swift */ = {isa = PBXFileReference; lastKnownFileType = sourcecode.swift; path = FilmsViewController.swift; sourceTree = "<group>"; };
		3E44B68A2D9F1F6A00527213 /* Assets.xcassets */ = {isa = PBXFileReference; lastKnownFileType = folder.assetcatalog; path = Assets.xcassets; sourceTree = "<group>"; };
		3E44B68F2D9F1F6A00527213 /* Info.plist */ = {isa = PBXFileReference; lastKnownFileType = text.plist.xml; path = Info.plist; sourceTree = "<group>"; };
		3E44B69C2D9F346200527213 /* Film.swift */ = {isa = PBXFileReference; lastKnownFileType = sourcecode.swift; path = Film.swift; sourceTree = "<group>"; };
		3E44B6A02D9F36D600527213 /* NetworkServiceProtocol.swift */ = {isa = PBXFileReference; lastKnownFileType = sourcecode.swift; path = NetworkServiceProtocol.swift; sourceTree = "<group>"; };
		3E44B6A22D9F372400527213 /* Endpoint.swift */ = {isa = PBXFileReference; lastKnownFileType = sourcecode.swift; path = Endpoint.swift; sourceTree = "<group>"; };
		3E44B6A62D9F433C00527213 /* NetworkError.swift */ = {isa = PBXFileReference; lastKnownFileType = sourcecode.swift; path = NetworkError.swift; sourceTree = "<group>"; };
		3E44B6A82D9F444100527213 /* JSONDecoding.swift */ = {isa = PBXFileReference; lastKnownFileType = sourcecode.swift; path = JSONDecoding.swift; sourceTree = "<group>"; };
		3E44B6B62DA03AAA00527213 /* FilmsViewModel.swift */ = {isa = PBXFileReference; lastKnownFileType = sourcecode.swift; path = FilmsViewModel.swift; sourceTree = "<group>"; };
		3E44B6BA2DA0508100527213 /* FilmsUseCase.swift */ = {isa = PBXFileReference; lastKnownFileType = sourcecode.swift; path = FilmsUseCase.swift; sourceTree = "<group>"; };
		3E44B6BD2DA0530800527213 /* FilmsNetworkService.swift */ = {isa = PBXFileReference; lastKnownFileType = sourcecode.swift; path = FilmsNetworkService.swift; sourceTree = "<group>"; };
		3E44B6C22DA0606100527213 /* MostRatedFilmCell.swift */ = {isa = PBXFileReference; lastKnownFileType = sourcecode.swift; path = MostRatedFilmCell.swift; sourceTree = "<group>"; };
/* End PBXFileReference section */

/* Begin PBXFrameworksBuildPhase section */
		3E44B67B2D9F1F6700527213 /* Frameworks */ = {
			isa = PBXFrameworksBuildPhase;
			buildActionMask = 2147483647;
			files = (
			);
			runOnlyForDeploymentPostprocessing = 0;
		};
/* End PBXFrameworksBuildPhase section */

/* Begin PBXGroup section */
		3E39B5042DA1BA55000B6D35 /* UseCases */ = {
			isa = PBXGroup;
			children = (
				3E39B50A2DA1DDD5000B6D35 /* ImageLoaderUseCase.swift */,
				3E44B6BA2DA0508100527213 /* FilmsUseCase.swift */,
			);
			path = UseCases;
			sourceTree = "<group>";
		};
		3E39B50E2DA2D1F1000B6D35 /* ViewModels */ = {
			isa = PBXGroup;
			children = (
				3E44B6B62DA03AAA00527213 /* FilmsViewModel.swift */,
				3E39B50C2DA1E6D3000B6D35 /* MostRatedFilmViewModel.swift */,
				3E39B52A2DA48AA3000B6D35 /* PosterFilmViewModel.swift */,
			);
			path = ViewModels;
			sourceTree = "<group>";
		};
		3E39B5192DA4488C000B6D35 /* Utils */ = {
			isa = PBXGroup;
			children = (
				3E39B5312DA4A650000B6D35 /* Enums */,
				3E39B5302DA4A647000B6D35 /* Protocols */,
				3E39B5342DA4C335000B6D35 /* FilmsDataSourceFactory.swift */,
				3E39B5362DA4CD37000B6D35 /* SearchBarAdapter.swift */,
				3E39B5382DA4CED2000B6D35 /* UICollectionView+ItemSize.swift */,
				3E39B53A2DA4D012000B6D35 /* UIView+AutoLayout.swift */,
			);
			path = Utils;
			sourceTree = "<group>";
		};
		3E39B5202DA463C3000B6D35 /* Data */ = {
			isa = PBXGroup;
			children = (
				3E39B5232DA46499000B6D35 /* Utils */,
				3E39B5212DA463E2000B6D35 /* Cache */,
				3E44B6992D9F33EC00527213 /* Network */,
			);
			path = Data;
			sourceTree = "<group>";
		};
		3E39B5212DA463E2000B6D35 /* Cache */ = {
			isa = PBXGroup;
			children = (
				3E39B5242DA46532000B6D35 /* ImageCacheService.swift */,
			);
			path = Cache;
			sourceTree = "<group>";
		};
		3E39B5222DA463F8000B6D35 /* Domain */ = {
			isa = PBXGroup;
			children = (
				3E39B5042DA1BA55000B6D35 /* UseCases */,
				3E44B69C2D9F346200527213 /* Film.swift */,
			);
			path = Domain;
			sourceTree = "<group>";
		};
		3E39B5232DA46499000B6D35 /* Utils */ = {
			isa = PBXGroup;
			children = (
				3E44B6A82D9F444100527213 /* JSONDecoding.swift */,
			);
			path = Utils;
			sourceTree = "<group>";
		};
		3E39B5302DA4A647000B6D35 /* Protocols */ = {
			isa = PBXGroup;
			children = (
				3E39B51A2DA4489D000B6D35 /* ViewCodable.swift */,
				3E39B51C2DA44CB6000B6D35 /* ReusableCell.swift */,
			);
			path = Protocols;
			sourceTree = "<group>";
		};
		3E39B5312DA4A650000B6D35 /* Enums */ = {
			isa = PBXGroup;
			children = (
				3E39B52C2DA4921F000B6D35 /* CollectionViewUtils.swift */,
				3E39B52E2DA4924B000B6D35 /* FilmsViewControllerState.swift */,
			);
			path = Enums;
			sourceTree = "<group>";
		};
		3E44B6752D9F1F6700527213 = {
			isa = PBXGroup;
			children = (
				3E44B6802D9F1F6700527213 /* GhibliArchive */,
				3E44B67F2D9F1F6700527213 /* Products */,
			);
			sourceTree = "<group>";
		};
		3E44B67F2D9F1F6700527213 /* Products */ = {
			isa = PBXGroup;
			children = (
				3E44B67E2D9F1F6700527213 /* GhibliArchive.app */,
			);
			name = Products;
			sourceTree = "<group>";
		};
		3E44B6802D9F1F6700527213 /* GhibliArchive */ = {
			isa = PBXGroup;
			children = (
				3E44B68F2D9F1F6A00527213 /* Info.plist */,
				3E44B6962D9F32B200527213 /* App */,
				3E39B5202DA463C3000B6D35 /* Data */,
				3E39B5222DA463F8000B6D35 /* Domain */,
				3E44B6982D9F32DF00527213 /* Features */,
				3E44B6972D9F32D400527213 /* Resources */,
			);
			path = GhibliArchive;
			sourceTree = "<group>";
		};
		3E44B6962D9F32B200527213 /* App */ = {
			isa = PBXGroup;
			children = (
				3E44B6812D9F1F6700527213 /* AppDelegate.swift */,
				3E44B6832D9F1F6700527213 /* SceneDelegate.swift */,
			);
			path = App;
			sourceTree = "<group>";
		};
		3E44B6972D9F32D400527213 /* Resources */ = {
			isa = PBXGroup;
			children = (
				3E44B68A2D9F1F6A00527213 /* Assets.xcassets */,
			);
			path = Resources;
			sourceTree = "<group>";
		};
		3E44B6982D9F32DF00527213 /* Features */ = {
			isa = PBXGroup;
			children = (
				3E39B5192DA4488C000B6D35 /* Utils */,
				3E44B6B52DA03A8D00527213 /* Films */,
			);
			path = Features;
			sourceTree = "<group>";
		};
		3E44B6992D9F33EC00527213 /* Network */ = {
			isa = PBXGroup;
			children = (
				3E44B6BC2DA052CC00527213 /* Service */,
				3E44B6A22D9F372400527213 /* Endpoint.swift */,
				3E44B6A62D9F433C00527213 /* NetworkError.swift */,
			);
			path = Network;
			sourceTree = "<group>";
		};
		3E44B6B52DA03A8D00527213 /* Films */ = {
			isa = PBXGroup;
			children = (
				3E39B50E2DA2D1F1000B6D35 /* ViewModels */,
				3E44B6BF2DA05F5B00527213 /* Views */,
				3E44B6852D9F1F6700527213 /* FilmsViewController.swift */,
				3E39B5262DA46715000B6D35 /* FilmsViewControllerBuilder.swift */,
			);
			path = Films;
			sourceTree = "<group>";
		};
		3E44B6BC2DA052CC00527213 /* Service */ = {
			isa = PBXGroup;
			children = (
				3E44B6A02D9F36D600527213 /* NetworkServiceProtocol.swift */,
				3E44B6BD2DA0530800527213 /* FilmsNetworkService.swift */,
			);
			path = Service;
			sourceTree = "<group>";
		};
		3E44B6BF2DA05F5B00527213 /* Views */ = {
			isa = PBXGroup;
			children = (
				3E39B5282DA4776F000B6D35 /* ErrorView.swift */,
				3E44B6C22DA0606100527213 /* MostRatedFilmCell.swift */,
				3E39B5112DA35562000B6D35 /* PosterFilmCell.swift */,
				3E39B5172DA44641000B6D35 /* FilmsSectionView.swift */,
				3E39B5322DA4BB82000B6D35 /* FilmsContentView.swift */,
			);
			path = Views;
			sourceTree = "<group>";
		};
/* End PBXGroup section */

/* Begin PBXNativeTarget section */
		3E44B67D2D9F1F6700527213 /* GhibliArchive */ = {
			isa = PBXNativeTarget;
			buildConfigurationList = 3E44B6922D9F1F6A00527213 /* Build configuration list for PBXNativeTarget "GhibliArchive" */;
			buildPhases = (
				3E44B67A2D9F1F6700527213 /* Sources */,
				3E44B67B2D9F1F6700527213 /* Frameworks */,
				3E44B67C2D9F1F6700527213 /* Resources */,
			);
			buildRules = (
			);
			dependencies = (
			);
			name = GhibliArchive;
			productName = GhibliArchive;
			productReference = 3E44B67E2D9F1F6700527213 /* GhibliArchive.app */;
			productType = "com.apple.product-type.application";
		};
/* End PBXNativeTarget section */

/* Begin PBXProject section */
		3E44B6762D9F1F6700527213 /* Project object */ = {
			isa = PBXProject;
			attributes = {
				BuildIndependentTargetsInParallel = 1;
				LastSwiftUpdateCheck = 1510;
				LastUpgradeCheck = 1510;
				TargetAttributes = {
					3E44B67D2D9F1F6700527213 = {
						CreatedOnToolsVersion = 15.1;
					};
				};
			};
			buildConfigurationList = 3E44B6792D9F1F6700527213 /* Build configuration list for PBXProject "GhibliArchive" */;
			compatibilityVersion = "Xcode 14.0";
			developmentRegion = en;
			hasScannedForEncodings = 0;
			knownRegions = (
				en,
				Base,
			);
			mainGroup = 3E44B6752D9F1F6700527213;
			productRefGroup = 3E44B67F2D9F1F6700527213 /* Products */;
			projectDirPath = "";
			projectRoot = "";
			targets = (
				3E44B67D2D9F1F6700527213 /* GhibliArchive */,
			);
		};
/* End PBXProject section */

/* Begin PBXResourcesBuildPhase section */
		3E44B67C2D9F1F6700527213 /* Resources */ = {
			isa = PBXResourcesBuildPhase;
			buildActionMask = 2147483647;
			files = (
				3E44B68B2D9F1F6A00527213 /* Assets.xcassets in Resources */,
			);
			runOnlyForDeploymentPostprocessing = 0;
		};
/* End PBXResourcesBuildPhase section */

/* Begin PBXSourcesBuildPhase section */
		3E44B67A2D9F1F6700527213 /* Sources */ = {
			isa = PBXSourcesBuildPhase;
			buildActionMask = 2147483647;
			files = (
				3E39B5392DA4CED3000B6D35 /* UICollectionView+ItemSize.swift in Sources */,
				3E44B6A32D9F372400527213 /* Endpoint.swift in Sources */,
				3E39B5352DA4C335000B6D35 /* FilmsDataSourceFactory.swift in Sources */,
				3E44B6C32DA0606100527213 /* MostRatedFilmCell.swift in Sources */,
				3E39B50D2DA1E6D3000B6D35 /* MostRatedFilmViewModel.swift in Sources */,
				3E39B51D2DA44CB6000B6D35 /* ReusableCell.swift in Sources */,
				3E39B5182DA44641000B6D35 /* FilmsSectionView.swift in Sources */,
				3E44B6BE2DA0530800527213 /* FilmsNetworkService.swift in Sources */,
				3E44B6862D9F1F6700527213 /* FilmsViewController.swift in Sources */,
				3E44B6822D9F1F6700527213 /* AppDelegate.swift in Sources */,
				3E44B69D2D9F346200527213 /* Film.swift in Sources */,
				3E44B6842D9F1F6700527213 /* SceneDelegate.swift in Sources */,
				3E44B6B72DA03AAA00527213 /* FilmsViewModel.swift in Sources */,
				3E39B5372DA4CD37000B6D35 /* SearchBarAdapter.swift in Sources */,
				3E39B52B2DA48AA3000B6D35 /* PosterFilmViewModel.swift in Sources */,
				3E39B52F2DA4924B000B6D35 /* FilmsViewControllerState.swift in Sources */,
				3E39B5332DA4BB82000B6D35 /* FilmsContentView.swift in Sources */,
				3E39B52D2DA4921F000B6D35 /* CollectionViewUtils.swift in Sources */,
				3E39B51B2DA4489D000B6D35 /* ViewCodable.swift in Sources */,
				3E39B5122DA35562000B6D35 /* PosterFilmCell.swift in Sources */,
				3E39B5252DA46532000B6D35 /* ImageCacheService.swift in Sources */,
				3E39B5272DA46715000B6D35 /* FilmsViewControllerBuilder.swift in Sources */,
				3E44B6BB2DA0508100527213 /* FilmsUseCase.swift in Sources */,
				3E44B6A12D9F36D600527213 /* NetworkServiceProtocol.swift in Sources */,
				3E44B6A92D9F444100527213 /* JSONDecoding.swift in Sources */,
				3E39B53B2DA4D012000B6D35 /* UIView+AutoLayout.swift in Sources */,
				3E39B50B2DA1DDD5000B6D35 /* ImageLoaderUseCase.swift in Sources */,
				3E44B6A72D9F433C00527213 /* NetworkError.swift in Sources */,
				3E39B5292DA4776F000B6D35 /* ErrorView.swift in Sources */,
			);
			runOnlyForDeploymentPostprocessing = 0;
		};
/* End PBXSourcesBuildPhase section */

/* Begin XCBuildConfiguration section */
		3E44B6902D9F1F6A00527213 /* Debug */ = {
			isa = XCBuildConfiguration;
			buildSettings = {
				ALWAYS_SEARCH_USER_PATHS = NO;
				ASSETCATALOG_COMPILER_GENERATE_SWIFT_ASSET_SYMBOL_EXTENSIONS = YES;
				CLANG_ANALYZER_NONNULL = YES;
				CLANG_ANALYZER_NUMBER_OBJECT_CONVERSION = YES_AGGRESSIVE;
				CLANG_CXX_LANGUAGE_STANDARD = "gnu++20";
				CLANG_ENABLE_MODULES = YES;
				CLANG_ENABLE_OBJC_ARC = YES;
				CLANG_ENABLE_OBJC_WEAK = YES;
				CLANG_WARN_BLOCK_CAPTURE_AUTORELEASING = YES;
				CLANG_WARN_BOOL_CONVERSION = YES;
				CLANG_WARN_COMMA = YES;
				CLANG_WARN_CONSTANT_CONVERSION = YES;
				CLANG_WARN_DEPRECATED_OBJC_IMPLEMENTATIONS = YES;
				CLANG_WARN_DIRECT_OBJC_ISA_USAGE = YES_ERROR;
				CLANG_WARN_DOCUMENTATION_COMMENTS = YES;
				CLANG_WARN_EMPTY_BODY = YES;
				CLANG_WARN_ENUM_CONVERSION = YES;
				CLANG_WARN_INFINITE_RECURSION = YES;
				CLANG_WARN_INT_CONVERSION = YES;
				CLANG_WARN_NON_LITERAL_NULL_CONVERSION = YES;
				CLANG_WARN_OBJC_IMPLICIT_RETAIN_SELF = YES;
				CLANG_WARN_OBJC_LITERAL_CONVERSION = YES;
				CLANG_WARN_OBJC_ROOT_CLASS = YES_ERROR;
				CLANG_WARN_QUOTED_INCLUDE_IN_FRAMEWORK_HEADER = YES;
				CLANG_WARN_RANGE_LOOP_ANALYSIS = YES;
				CLANG_WARN_STRICT_PROTOTYPES = YES;
				CLANG_WARN_SUSPICIOUS_MOVE = YES;
				CLANG_WARN_UNGUARDED_AVAILABILITY = YES_AGGRESSIVE;
				CLANG_WARN_UNREACHABLE_CODE = YES;
				CLANG_WARN__DUPLICATE_METHOD_MATCH = YES;
				COPY_PHASE_STRIP = NO;
				DEBUG_INFORMATION_FORMAT = dwarf;
				ENABLE_STRICT_OBJC_MSGSEND = YES;
				ENABLE_TESTABILITY = YES;
				ENABLE_USER_SCRIPT_SANDBOXING = YES;
				GCC_C_LANGUAGE_STANDARD = gnu17;
				GCC_DYNAMIC_NO_PIC = NO;
				GCC_NO_COMMON_BLOCKS = YES;
				GCC_OPTIMIZATION_LEVEL = 0;
				GCC_PREPROCESSOR_DEFINITIONS = (
					"DEBUG=1",
					"$(inherited)",
				);
				GCC_WARN_64_TO_32_BIT_CONVERSION = YES;
				GCC_WARN_ABOUT_RETURN_TYPE = YES_ERROR;
				GCC_WARN_UNDECLARED_SELECTOR = YES;
				GCC_WARN_UNINITIALIZED_AUTOS = YES_AGGRESSIVE;
				GCC_WARN_UNUSED_FUNCTION = YES;
				GCC_WARN_UNUSED_VARIABLE = YES;
				IPHONEOS_DEPLOYMENT_TARGET = 17.2;
				LOCALIZATION_PREFERS_STRING_CATALOGS = YES;
				MTL_ENABLE_DEBUG_INFO = INCLUDE_SOURCE;
				MTL_FAST_MATH = YES;
				ONLY_ACTIVE_ARCH = YES;
				SDKROOT = iphoneos;
				SWIFT_ACTIVE_COMPILATION_CONDITIONS = "DEBUG $(inherited)";
				SWIFT_OPTIMIZATION_LEVEL = "-Onone";
			};
			name = Debug;
		};
		3E44B6912D9F1F6A00527213 /* Release */ = {
			isa = XCBuildConfiguration;
			buildSettings = {
				ALWAYS_SEARCH_USER_PATHS = NO;
				ASSETCATALOG_COMPILER_GENERATE_SWIFT_ASSET_SYMBOL_EXTENSIONS = YES;
				CLANG_ANALYZER_NONNULL = YES;
				CLANG_ANALYZER_NUMBER_OBJECT_CONVERSION = YES_AGGRESSIVE;
				CLANG_CXX_LANGUAGE_STANDARD = "gnu++20";
				CLANG_ENABLE_MODULES = YES;
				CLANG_ENABLE_OBJC_ARC = YES;
				CLANG_ENABLE_OBJC_WEAK = YES;
				CLANG_WARN_BLOCK_CAPTURE_AUTORELEASING = YES;
				CLANG_WARN_BOOL_CONVERSION = YES;
				CLANG_WARN_COMMA = YES;
				CLANG_WARN_CONSTANT_CONVERSION = YES;
				CLANG_WARN_DEPRECATED_OBJC_IMPLEMENTATIONS = YES;
				CLANG_WARN_DIRECT_OBJC_ISA_USAGE = YES_ERROR;
				CLANG_WARN_DOCUMENTATION_COMMENTS = YES;
				CLANG_WARN_EMPTY_BODY = YES;
				CLANG_WARN_ENUM_CONVERSION = YES;
				CLANG_WARN_INFINITE_RECURSION = YES;
				CLANG_WARN_INT_CONVERSION = YES;
				CLANG_WARN_NON_LITERAL_NULL_CONVERSION = YES;
				CLANG_WARN_OBJC_IMPLICIT_RETAIN_SELF = YES;
				CLANG_WARN_OBJC_LITERAL_CONVERSION = YES;
				CLANG_WARN_OBJC_ROOT_CLASS = YES_ERROR;
				CLANG_WARN_QUOTED_INCLUDE_IN_FRAMEWORK_HEADER = YES;
				CLANG_WARN_RANGE_LOOP_ANALYSIS = YES;
				CLANG_WARN_STRICT_PROTOTYPES = YES;
				CLANG_WARN_SUSPICIOUS_MOVE = YES;
				CLANG_WARN_UNGUARDED_AVAILABILITY = YES_AGGRESSIVE;
				CLANG_WARN_UNREACHABLE_CODE = YES;
				CLANG_WARN__DUPLICATE_METHOD_MATCH = YES;
				COPY_PHASE_STRIP = NO;
				DEBUG_INFORMATION_FORMAT = "dwarf-with-dsym";
				ENABLE_NS_ASSERTIONS = NO;
				ENABLE_STRICT_OBJC_MSGSEND = YES;
				ENABLE_USER_SCRIPT_SANDBOXING = YES;
				GCC_C_LANGUAGE_STANDARD = gnu17;
				GCC_NO_COMMON_BLOCKS = YES;
				GCC_WARN_64_TO_32_BIT_CONVERSION = YES;
				GCC_WARN_ABOUT_RETURN_TYPE = YES_ERROR;
				GCC_WARN_UNDECLARED_SELECTOR = YES;
				GCC_WARN_UNINITIALIZED_AUTOS = YES_AGGRESSIVE;
				GCC_WARN_UNUSED_FUNCTION = YES;
				GCC_WARN_UNUSED_VARIABLE = YES;
				IPHONEOS_DEPLOYMENT_TARGET = 17.2;
				LOCALIZATION_PREFERS_STRING_CATALOGS = YES;
				MTL_ENABLE_DEBUG_INFO = NO;
				MTL_FAST_MATH = YES;
				SDKROOT = iphoneos;
				SWIFT_COMPILATION_MODE = wholemodule;
				VALIDATE_PRODUCT = YES;
			};
			name = Release;
		};
		3E44B6932D9F1F6A00527213 /* Debug */ = {
			isa = XCBuildConfiguration;
			buildSettings = {
				ASSETCATALOG_COMPILER_APPICON_NAME = AppIcon;
				ASSETCATALOG_COMPILER_GLOBAL_ACCENT_COLOR_NAME = AccentColor;
				CODE_SIGN_STYLE = Automatic;
				CURRENT_PROJECT_VERSION = 1;
				GENERATE_INFOPLIST_FILE = YES;
				INFOPLIST_FILE = GhibliArchive/Info.plist;
				INFOPLIST_KEY_UIApplicationSupportsIndirectInputEvents = YES;
				INFOPLIST_KEY_UILaunchStoryboardName = LaunchScreen;
				INFOPLIST_KEY_UISupportedInterfaceOrientations_iPad = "UIInterfaceOrientationPortrait UIInterfaceOrientationPortraitUpsideDown UIInterfaceOrientationLandscapeLeft UIInterfaceOrientationLandscapeRight";
				INFOPLIST_KEY_UISupportedInterfaceOrientations_iPhone = "UIInterfaceOrientationPortrait UIInterfaceOrientationLandscapeLeft UIInterfaceOrientationLandscapeRight";
				LD_RUNPATH_SEARCH_PATHS = (
					"$(inherited)",
					"@executable_path/Frameworks",
				);
				MARKETING_VERSION = 1.0;
				PRODUCT_BUNDLE_IDENTIFIER = akhaten.GhibliArchive;
				PRODUCT_NAME = "$(TARGET_NAME)";
				SWIFT_EMIT_LOC_STRINGS = YES;
				SWIFT_VERSION = 5.0;
				TARGETED_DEVICE_FAMILY = "1,2";
			};
			name = Debug;
		};
		3E44B6942D9F1F6A00527213 /* Release */ = {
			isa = XCBuildConfiguration;
			buildSettings = {
				ASSETCATALOG_COMPILER_APPICON_NAME = AppIcon;
				ASSETCATALOG_COMPILER_GLOBAL_ACCENT_COLOR_NAME = AccentColor;
				CODE_SIGN_STYLE = Automatic;
				CURRENT_PROJECT_VERSION = 1;
				GENERATE_INFOPLIST_FILE = YES;
				INFOPLIST_FILE = GhibliArchive/Info.plist;
				INFOPLIST_KEY_UIApplicationSupportsIndirectInputEvents = YES;
				INFOPLIST_KEY_UILaunchStoryboardName = LaunchScreen;
				INFOPLIST_KEY_UISupportedInterfaceOrientations_iPad = "UIInterfaceOrientationPortrait UIInterfaceOrientationPortraitUpsideDown UIInterfaceOrientationLandscapeLeft UIInterfaceOrientationLandscapeRight";
				INFOPLIST_KEY_UISupportedInterfaceOrientations_iPhone = "UIInterfaceOrientationPortrait UIInterfaceOrientationLandscapeLeft UIInterfaceOrientationLandscapeRight";
				LD_RUNPATH_SEARCH_PATHS = (
					"$(inherited)",
					"@executable_path/Frameworks",
				);
				MARKETING_VERSION = 1.0;
				PRODUCT_BUNDLE_IDENTIFIER = akhaten.GhibliArchive;
				PRODUCT_NAME = "$(TARGET_NAME)";
				SWIFT_EMIT_LOC_STRINGS = YES;
				SWIFT_VERSION = 5.0;
				TARGETED_DEVICE_FAMILY = "1,2";
			};
			name = Release;
		};
/* End XCBuildConfiguration section */

/* Begin XCConfigurationList section */
		3E44B6792D9F1F6700527213 /* Build configuration list for PBXProject "GhibliArchive" */ = {
			isa = XCConfigurationList;
			buildConfigurations = (
				3E44B6902D9F1F6A00527213 /* Debug */,
				3E44B6912D9F1F6A00527213 /* Release */,
			);
			defaultConfigurationIsVisible = 0;
			defaultConfigurationName = Release;
		};
		3E44B6922D9F1F6A00527213 /* Build configuration list for PBXNativeTarget "GhibliArchive" */ = {
			isa = XCConfigurationList;
			buildConfigurations = (
				3E44B6932D9F1F6A00527213 /* Debug */,
				3E44B6942D9F1F6A00527213 /* Release */,
			);
			defaultConfigurationIsVisible = 0;
			defaultConfigurationName = Release;
		};
/* End XCConfigurationList section */
	};
	rootObject = 3E44B6762D9F1F6700527213 /* Project object */;
}
